Microsoft Visual Studio Solution File, Format Version 11.00
# Visual Studio 2010
Project("{2150E333-8FDC-42A3-9474-1A3956D46DE8}") = "Build-Configs", "Build-Configs", "{8CBB6D60-FA3F-4DF8-A1F1-47C00311ACF2}"
	ProjectSection(SolutionItems) = preProject
		ImageServer_ConnectionString_dist.config = ImageServer_ConnectionString_dist.config
		ImageServer_ProductSettings_dist.config = ImageServer_ProductSettings_dist.config
		ImageServer_Shreds_dist.config = ImageServer_Shreds_dist.config
		ImageServer_Web.config = ImageServer_Web.config
	EndProjectSection
EndProject
Project("{2150E333-8FDC-42A3-9474-1A3956D46DE8}") = "Common", "Common", "{4414BB29-0923-4507-AE57-5A3B622F34C8}"
EndProject
Project("{2150E333-8FDC-42A3-9474-1A3956D46DE8}") = "Codecs", "Codecs", "{8B690F92-8EA7-40D3-A250-BD4EEC7AF3DE}"
EndProject
Project("{2150E333-8FDC-42A3-9474-1A3956D46DE8}") = "ImageServer", "ImageServer", "{1721DC32-D6E9-443A-BCA0-DAC228CD423A}"
EndProject
Project("{2150E333-8FDC-42A3-9474-1A3956D46DE8}") = "Services", "Services", "{256E2421-AF1B-46E9-8707-4B549E12AE1D}"
EndProject
Project("{2150E333-8FDC-42A3-9474-1A3956D46DE8}") = "TestApp", "TestApp", "{B2A83580-EA71-4F56-857A-0A0316B7E9E9}"
EndProject
Project("{2150E333-8FDC-42A3-9474-1A3956D46DE8}") = "Web", "Web", "{B0424AED-D40F-4104-A20A-6928E212FF7B}"
EndProject
Project("{2150E333-8FDC-42A3-9474-1A3956D46DE8}") = "Model", "Model", "{CB724C61-BC5B-4D90-B286-7A15043214EC}"
EndProject
Project("{2150E333-8FDC-42A3-9474-1A3956D46DE8}") = "Build-Manifest", "Build-Manifest", "{AA3C5A54-EE47-4309-914A-62B17DC28D8B}"
	ProjectSection(SolutionItems) = preProject
		ManifestInputCommunity.xml = ManifestInputCommunity.xml
		ManifestInputShredHost.xml = ManifestInputShredHost.xml
		ManifestInputWeb.xml = ManifestInputWeb.xml
		ManifestInputWebDefaultTheme.xml = ManifestInputWebDefaultTheme.xml
	EndProjectSection
EndProject
Project("{2150E333-8FDC-42A3-9474-1A3956D46DE8}") = "Build-Scripts", "Build-Scripts", "{B7B23D6D-2EF9-4FBD-A2E5-9420305E033F}"
	ProjectSection(SolutionItems) = preProject
		ImageServer.proj = ImageServer.proj
		ImageServer_dist.proj = ImageServer_dist.proj
		ImageServer_WebPostBuild.proj = ImageServer_WebPostBuild.proj
		ImageServerManifest.proj = ImageServerManifest.proj
		Web\ApplicationDeployment\WebApplicationDeployment.wdproj = Web\ApplicationDeployment\WebApplicationDeployment.wdproj
	EndProjectSection
EndProject
Project("{FAE04EC0-301F-11D3-BF4B-00C04F79EFBC}") = "Macro.ImageServer.TestApp", "TestApp\Macro.ImageServer.TestApp.csproj", "{7462F6BA-5634-4ED5-A4E1-707F3F43D113}"
	ProjectSection(ProjectDependencies) = postProject
		{316C730A-492A-4201-87CD-3C2F3260571C} = {316C730A-492A-4201-87CD-3C2F3260571C}
		{D8B59C0F-A097-4D7D-A488-0188100AF8E2} = {D8B59C0F-A097-4D7D-A488-0188100AF8E2}
		{DF8F531F-5AE4-4AC1-A086-B50FB799EEF1} = {DF8F531F-5AE4-4AC1-A086-B50FB799EEF1}
		{65B9B08C-EAE4-4EE2-B164-905B03134443} = {65B9B08C-EAE4-4EE2-B164-905B03134443}
		{2BAF49AA-F872-4CC5-A3B0-4B7555DC3244} = {2BAF49AA-F872-4CC5-A3B0-4B7555DC3244}
		{6863F5CE-F1D3-46A7-915C-DE02D1452EED} = {6863F5CE-F1D3-46A7-915C-DE02D1452EED}
		{4E4B60EC-FFB9-49A9-A40F-385FC68D798F} = {4E4B60EC-FFB9-49A9-A40F-385FC68D798F}
		{ACB80CF0-35D3-491B-A561-CF66BF7FA2BA} = {ACB80CF0-35D3-491B-A561-CF66BF7FA2BA}
	EndProjectSection
EndProject
Project("{FAE04EC0-301F-11D3-BF4B-00C04F79EFBC}") = "Macro.Server.ShredHost", "..\Server\ShredHost\Macro.Server.ShredHost.csproj", "{8347B928-805E-42E7-B980-08D8AF1A0671}"
EndProject
Project("{FAE04EC0-301F-11D3-BF4B-00C04F79EFBC}") = "Macro.Dicom", "..\Dicom\Macro.Dicom.csproj", "{AD9ECE2B-8268-4115-8DC8-860FBD011FFF}"
EndProject
Project("{FAE04EC0-301F-11D3-BF4B-00C04F79EFBC}") = "Macro.ImageServer.ShredHostService", "ShredHostService\Macro.ImageServer.ShredHostService.csproj", "{6EABFD8A-B727-4B9C-800D-ADCBDE339639}"
	ProjectSection(ProjectDependencies) = postProject
		{90C91F02-8AD3-43D1-B8C3-C0469213E3E5} = {90C91F02-8AD3-43D1-B8C3-C0469213E3E5}
		{316C730A-492A-4201-87CD-3C2F3260571C} = {316C730A-492A-4201-87CD-3C2F3260571C}
		{D8B59C0F-A097-4D7D-A488-0188100AF8E2} = {D8B59C0F-A097-4D7D-A488-0188100AF8E2}
		{DF8F531F-5AE4-4AC1-A086-B50FB799EEF1} = {DF8F531F-5AE4-4AC1-A086-B50FB799EEF1}
		{DDFB1D25-75AE-43A6-A7A5-33D173EFFD04} = {DDFB1D25-75AE-43A6-A7A5-33D173EFFD04}
		{8347B928-805E-42E7-B980-08D8AF1A0671} = {8347B928-805E-42E7-B980-08D8AF1A0671}
		{F6EAD428-E6CF-4DF6-B2F3-D33D532C5343} = {F6EAD428-E6CF-4DF6-B2F3-D33D532C5343}
		{AD9ECE2B-8268-4115-8DC8-860FBD011FFF} = {AD9ECE2B-8268-4115-8DC8-860FBD011FFF}
		{BE27922C-C8D7-4190-8F24-5D7C1623CAFA} = {BE27922C-C8D7-4190-8F24-5D7C1623CAFA}
		{431E9444-9915-4D49-B92D-9B7EC086622A} = {431E9444-9915-4D49-B92D-9B7EC086622A}
		{5D69BA72-CD43-4A52-A599-A33D85F53431} = {5D69BA72-CD43-4A52-A599-A33D85F53431}
		{AB89527E-B1B6-49A4-B3A0-D07948FC23E0} = {AB89527E-B1B6-49A4-B3A0-D07948FC23E0}
		{65B9B08C-EAE4-4EE2-B164-905B03134443} = {65B9B08C-EAE4-4EE2-B164-905B03134443}
		{2BAF49AA-F872-4CC5-A3B0-4B7555DC3244} = {2BAF49AA-F872-4CC5-A3B0-4B7555DC3244}
		{523EDDC1-7C6E-404D-A8ED-5F043F5E6BE3} = {523EDDC1-7C6E-404D-A8ED-5F043F5E6BE3}
		{6863F5CE-F1D3-46A7-915C-DE02D1452EED} = {6863F5CE-F1D3-46A7-915C-DE02D1452EED}
		{64DD80D0-2B72-46C0-8F6E-382CA1EAFF9D} = {64DD80D0-2B72-46C0-8F6E-382CA1EAFF9D}
		{2C9126D3-5B73-4539-BBC9-D56E6097D335} = {2C9126D3-5B73-4539-BBC9-D56E6097D335}
		{B5EBFFD7-6641-4932-91C9-4C4322B41868} = {B5EBFFD7-6641-4932-91C9-4C4322B41868}
		{2FA5AAD9-E291-47C6-AE35-5B885F2704BF} = {2FA5AAD9-E291-47C6-AE35-5B885F2704BF}
		{86CA6EDB-DE59-45E9-8BD8-832FBB3F8009} = {86CA6EDB-DE59-45E9-8BD8-832FBB3F8009}
		{4E4B60EC-FFB9-49A9-A40F-385FC68D798F} = {4E4B60EC-FFB9-49A9-A40F-385FC68D798F}
		{ACB80CF0-35D3-491B-A561-CF66BF7FA2BA} = {ACB80CF0-35D3-491B-A561-CF66BF7FA2BA}
	EndProjectSection
EndProject
Project("{FAE04EC0-301F-11D3-BF4B-00C04F79EFBC}") = "Macro.Enterprise.Common", "..\Enterprise\Common\Macro.Enterprise.Common.csproj", "{B5EBFFD7-6641-4932-91C9-4C4322B41868}"
EndProject
Project("{FAE04EC0-301F-11D3-BF4B-00C04F79EFBC}") = "Macro.Enterprise.Core", "..\Enterprise\Core\Macro.Enterprise.Core.csproj", "{431E9444-9915-4D49-B92D-9B7EC086622A}"
EndProject
Project("{FAE04EC0-301F-11D3-BF4B-00C04F79EFBC}") = "Macro.ImageServer.Common", "Common\Macro.ImageServer.Common.csproj", "{DDFB1D25-75AE-43A6-A7A5-33D173EFFD04}"
EndProject
Project("{FAE04EC0-301F-11D3-BF4B-00C04F79EFBC}") = "Macro.Common", "..\Common\Macro.Common.csproj", "{F6EAD428-E6CF-4DF6-B2F3-D33D532C5343}"
EndProject
Project("{FAE04EC0-301F-11D3-BF4B-00C04F79EFBC}") = "Macro.ImageServer.Enterprise", "Enterprise\Macro.ImageServer.Enterprise.csproj", "{86CA6EDB-DE59-45E9-8BD8-832FBB3F8009}"
EndProject
Project("{FAE04EC0-301F-11D3-BF4B-00C04F79EFBC}") = "Macro.ImageServer.Rules", "Rules\Macro.ImageServer.Rules.csproj", "{523EDDC1-7C6E-404D-A8ED-5F043F5E6BE3}"
EndProject
Project("{FAE04EC0-301F-11D3-BF4B-00C04F79EFBC}") = "Macro.ImageServer.Services.Dicom", "Services\Dicom\Macro.ImageServer.Services.Dicom.csproj", "{316C730A-492A-4201-87CD-3C2F3260571C}"
EndProject
Project("{FAE04EC0-301F-11D3-BF4B-00C04F79EFBC}") = "Macro.ImageServer.Services.Streaming", "Services\Streaming\Macro.ImageServer.Services.Streaming.csproj", "{DF8F531F-5AE4-4AC1-A086-B50FB799EEF1}"
EndProject
Project("{FAE04EC0-301F-11D3-BF4B-00C04F79EFBC}") = "Macro.ImageServer.Services.WorkQueue", "Services\WorkQueue\Macro.ImageServer.Services.WorkQueue.csproj", "{65B9B08C-EAE4-4EE2-B164-905B03134443}"
EndProject
Project("{FAE04EC0-301F-11D3-BF4B-00C04F79EFBC}") = "Macro.ImageServer.Services.ServiceLock", "Services\ServiceLock\Macro.ImageServer.Services.ServiceLock.csproj", "{ACB80CF0-35D3-491B-A561-CF66BF7FA2BA}"
EndProject
Project("{FAE04EC0-301F-11D3-BF4B-00C04F79EFBC}") = "Macro.ImageServer.Web.Common", "Web\Common\Macro.ImageServer.Web.Common.csproj", "{9A4EF57B-2702-4931-9E94-B194707E87FA}"
EndProject
Project("{FAE04EC0-301F-11D3-BF4B-00C04F79EFBC}") = "Macro.ImageServer.Web.Application", "Web\Application\Macro.ImageServer.Web.Application.csproj", "{2719FA07-F89A-4FE1-A497-5FA4CDD08956}"
	ProjectSection(ProjectDependencies) = postProject
		{9AF0770C-7E9F-483F-8429-D7894F06EB6C} = {9AF0770C-7E9F-483F-8429-D7894F06EB6C}
		{D8B59C0F-A097-4D7D-A488-0188100AF8E2} = {D8B59C0F-A097-4D7D-A488-0188100AF8E2}
		{26E9A01A-64B5-42C5-8252-FBB30DF9CEC7} = {26E9A01A-64B5-42C5-8252-FBB30DF9CEC7}
		{22D28323-54BA-46DE-91F3-4EC9C7D26356} = {22D28323-54BA-46DE-91F3-4EC9C7D26356}
		{83BA7538-8DC6-4190-993A-7A4A27D43DBB} = {83BA7538-8DC6-4190-993A-7A4A27D43DBB}
		{85100D3E-471C-47C9-9687-ABF25F617ED7} = {85100D3E-471C-47C9-9687-ABF25F617ED7}
		{76E7A94E-5DCB-4B12-8D9E-7BD5084CE073} = {76E7A94E-5DCB-4B12-8D9E-7BD5084CE073}
		{750A1C5B-2A1F-4ECF-9DBF-34AD775824B5} = {750A1C5B-2A1F-4ECF-9DBF-34AD775824B5}
		{4454D96D-8E43-44CB-987B-FCAFCD98BCC0} = {4454D96D-8E43-44CB-987B-FCAFCD98BCC0}
		{E53B5474-B705-4373-B1DE-0CC7162734A2} = {E53B5474-B705-4373-B1DE-0CC7162734A2}
		{89DF567B-A0D1-456A-A28F-043FD57D7F9A} = {89DF567B-A0D1-456A-A28F-043FD57D7F9A}
		{AB89527E-B1B6-49A4-B3A0-D07948FC23E0} = {AB89527E-B1B6-49A4-B3A0-D07948FC23E0}
		{A7C78084-947E-4955-9473-9F186B760AEC} = {A7C78084-947E-4955-9473-9F186B760AEC}
		{7F89848A-B05C-4FF5-93D4-9B59A1A36F5E} = {7F89848A-B05C-4FF5-93D4-9B59A1A36F5E}
		{FEFD73C5-8541-47D2-BBDB-FF61DEA28291} = {FEFD73C5-8541-47D2-BBDB-FF61DEA28291}
		{6863F5CE-F1D3-46A7-915C-DE02D1452EED} = {6863F5CE-F1D3-46A7-915C-DE02D1452EED}
		{86CD94ED-BB4C-46C0-B54D-5F1EAE5A18D7} = {86CD94ED-BB4C-46C0-B54D-5F1EAE5A18D7}
		{EA38C1F1-C4BD-4ED7-9B60-C95DF22D6A72} = {EA38C1F1-C4BD-4ED7-9B60-C95DF22D6A72}
	EndProjectSection
EndProject
Project("{FAE04EC0-301F-11D3-BF4B-00C04F79EFBC}") = "Macro.Dicom.Codec.Rle", "..\Dicom\Codec\Rle\Macro.Dicom.Codec.Rle.csproj", "{AB89527E-B1B6-49A4-B3A0-D07948FC23E0}"
EndProject
Project("{FAE04EC0-301F-11D3-BF4B-00C04F79EFBC}") = "Macro.ImageServer.TestApp.HeaderStressTest", "TestApp\HeaderStressTest\HeaderStressTest\Macro.ImageServer.TestApp.HeaderStressTest.csproj", "{805F162D-D55D-4018-B9AA-F5D087F31EF3}"
EndProject
Project("{FAE04EC0-301F-11D3-BF4B-00C04F79EFBC}") = "Macro.ImageServer.TestApp.WADOClient", "TestApp\WADOClient\Macro.ImageServer.TestApp.WADOClient.csproj", "{0B678FD2-8B54-4931-B357-0A427F8C455F}"
EndProject
Project("{FAE04EC0-301F-11D3-BF4B-00C04F79EFBC}") = "Macro.ImageServer.Services.Archiving", "Services\Archiving\Macro.ImageServer.Services.Archiving.csproj", "{90C91F02-8AD3-43D1-B8C3-C0469213E3E5}"
EndProject
Project("{FAE04EC0-301F-11D3-BF4B-00C04F79EFBC}") = "Macro.ImageServer.Services.Archiving.Hsm", "Services\Archiving\Hsm\Macro.ImageServer.Services.Archiving.Hsm.csproj", "{BE27922C-C8D7-4190-8F24-5D7C1623CAFA}"
EndProject
Project("{FAE04EC0-301F-11D3-BF4B-00C04F79EFBC}") = "Macro.ImageServer.TestApp.ImageStreaming", "TestApp\ImageStreaming\Macro.ImageServer.TestApp.ImageStreaming.csproj", "{DF42BE8F-7488-4805-B440-B5FD748CE91A}"
EndProject
Project("{FAE04EC0-301F-11D3-BF4B-00C04F79EFBC}") = "Macro.ImageServer.Services.Common", "Services\Common\Macro.ImageServer.Services.Common.csproj", "{6863F5CE-F1D3-46A7-915C-DE02D1452EED}"
EndProject
Project("{FAE04EC0-301F-11D3-BF4B-00C04F79EFBC}") = "Macro.ImageServer.TestApp.StreamingClientConsole", "TestApp\StreamingClientConsole\Macro.ImageServer.TestApp.StreamingClientConsole.csproj", "{FA01A7CF-D56B-4D00-961E-D98AC2186AC9}"
EndProject
Project("{FAE04EC0-301F-11D3-BF4B-00C04F79EFBC}") = "Macro.ImageServer.Executable", "Executable\Macro.ImageServer.Executable.csproj", "{5B86516B-203F-4AEB-82BA-CD54144581FA}"
	ProjectSection(ProjectDependencies) = postProject
		{90C91F02-8AD3-43D1-B8C3-C0469213E3E5} = {90C91F02-8AD3-43D1-B8C3-C0469213E3E5}
		{316C730A-492A-4201-87CD-3C2F3260571C} = {316C730A-492A-4201-87CD-3C2F3260571C}
		{D8B59C0F-A097-4D7D-A488-0188100AF8E2} = {D8B59C0F-A097-4D7D-A488-0188100AF8E2}
		{DF8F531F-5AE4-4AC1-A086-B50FB799EEF1} = {DF8F531F-5AE4-4AC1-A086-B50FB799EEF1}
		{DDFB1D25-75AE-43A6-A7A5-33D173EFFD04} = {DDFB1D25-75AE-43A6-A7A5-33D173EFFD04}
		{AD9ECE2B-8268-4115-8DC8-860FBD011FFF} = {AD9ECE2B-8268-4115-8DC8-860FBD011FFF}
		{BE27922C-C8D7-4190-8F24-5D7C1623CAFA} = {BE27922C-C8D7-4190-8F24-5D7C1623CAFA}
		{83BA7538-8DC6-4190-993A-7A4A27D43DBB} = {83BA7538-8DC6-4190-993A-7A4A27D43DBB}
		{431E9444-9915-4D49-B92D-9B7EC086622A} = {431E9444-9915-4D49-B92D-9B7EC086622A}
		{AB89527E-B1B6-49A4-B3A0-D07948FC23E0} = {AB89527E-B1B6-49A4-B3A0-D07948FC23E0}
		{65B9B08C-EAE4-4EE2-B164-905B03134443} = {65B9B08C-EAE4-4EE2-B164-905B03134443}
		{2BAF49AA-F872-4CC5-A3B0-4B7555DC3244} = {2BAF49AA-F872-4CC5-A3B0-4B7555DC3244}
		{523EDDC1-7C6E-404D-A8ED-5F043F5E6BE3} = {523EDDC1-7C6E-404D-A8ED-5F043F5E6BE3}
		{6863F5CE-F1D3-46A7-915C-DE02D1452EED} = {6863F5CE-F1D3-46A7-915C-DE02D1452EED}
		{64DD80D0-2B72-46C0-8F6E-382CA1EAFF9D} = {64DD80D0-2B72-46C0-8F6E-382CA1EAFF9D}
		{2C9126D3-5B73-4539-BBC9-D56E6097D335} = {2C9126D3-5B73-4539-BBC9-D56E6097D335}
		{E2F1A5D4-73A4-4BA6-AA5A-87BBDEC727F8} = {E2F1A5D4-73A4-4BA6-AA5A-87BBDEC727F8}
		{B5EBFFD7-6641-4932-91C9-4C4322B41868} = {B5EBFFD7-6641-4932-91C9-4C4322B41868}
		{2FA5AAD9-E291-47C6-AE35-5B885F2704BF} = {2FA5AAD9-E291-47C6-AE35-5B885F2704BF}
		{86CA6EDB-DE59-45E9-8BD8-832FBB3F8009} = {86CA6EDB-DE59-45E9-8BD8-832FBB3F8009}
		{4E4B60EC-FFB9-49A9-A40F-385FC68D798F} = {4E4B60EC-FFB9-49A9-A40F-385FC68D798F}
		{ACB80CF0-35D3-491B-A561-CF66BF7FA2BA} = {ACB80CF0-35D3-491B-A561-CF66BF7FA2BA}
	EndProjectSection
EndProject
Project("{FAE04EC0-301F-11D3-BF4B-00C04F79EFBC}") = "Macro.ImageServer.Rules.RleCodec", "Rules\RleCodec\Macro.ImageServer.Rules.RleCodec.csproj", "{4E4B60EC-FFB9-49A9-A40F-385FC68D798F}"
EndProject
Project("{FAE04EC0-301F-11D3-BF4B-00C04F79EFBC}") = "Macro.ImageServer.Rules.JpegCodec", "Rules\JpegCodec\Macro.ImageServer.Rules.JpegCodec.csproj", "{2BAF49AA-F872-4CC5-A3B0-4B7555DC3244}"
EndProject
Project("{FAE04EC0-301F-11D3-BF4B-00C04F79EFBC}") = "Macro.ImageServer.Core", "Core\Macro.ImageServer.Core.csproj", "{64DD80D0-2B72-46C0-8F6E-382CA1EAFF9D}"
EndProject
Project("{FAE04EC0-301F-11D3-BF4B-00C04F79EFBC}") = "Macro.ImageServer.Model", "Model\Macro.ImageServer.Model.csproj", "{2C9126D3-5B73-4539-BBC9-D56E6097D335}"
EndProject
Project("{FAE04EC0-301F-11D3-BF4B-00C04F79EFBC}") = "Macro.ImageServer.Utilities", "Utilities\Macro.ImageServer.Utilities.csproj", "{2FA5AAD9-E291-47C6-AE35-5B885F2704BF}"
EndProject
Project("{FAE04EC0-301F-11D3-BF4B-00C04F79EFBC}") = "Macro.Utilities.Manifest", "..\Utilities\Manifest\Macro.Utilities.Manifest.csproj", "{E2F1A5D4-73A4-4BA6-AA5A-87BBDEC727F8}"
EndProject
Project("{FAE04EC0-301F-11D3-BF4B-00C04F79EFBC}") = "Macro.ImageServer.Enterprise.SqlServer", "Enterprise\SqlServer\Macro.ImageServer.Enterprise.SqlServer.csproj", "{D8B59C0F-A097-4D7D-A488-0188100AF8E2}"
EndProject
Project("{FAE04EC0-301F-11D3-BF4B-00C04F79EFBC}") = "Macro.ImageServer.Model.SqlServer", "Model\SqlServer\Macro.ImageServer.Model.SqlServer.csproj", "{83BA7538-8DC6-4190-993A-7A4A27D43DBB}"
EndProject
Project("{FAE04EC0-301F-11D3-BF4B-00C04F79EFBC}") = "Macro.ImageServer.Model.SqlServer.CodeGenerator", "Model\SqlServer\CodeGenerator\Macro.ImageServer.Model.SqlServer.CodeGenerator.csproj", "{9E0CCF98-03DA-46EE-8E6B-3092F80EE9AF}"
EndProject
Project("{FAE04EC0-301F-11D3-BF4B-00C04F79EFBC}") = "Macro.Web.Enterprise", "..\Web\Enterprise\Macro.Web.Enterprise.csproj", "{22444EF5-740E-41C2-B6DD-0029BD616338}"
EndProject
Project("{FAE04EC0-301F-11D3-BF4B-00C04F79EFBC}") = "Macro.ImageServer.Core.SharpZipLib", "Core\SharpZipLib\Macro.ImageServer.Core.SharpZipLib.csproj", "{5D69BA72-CD43-4A52-A599-A33D85F53431}"
EndProject
Project("{FAE04EC0-301F-11D3-BF4B-00C04F79EFBC}") = "Macro.ImageViewer", "..\ImageViewer\Macro.ImageViewer.csproj", "{85100D3E-471C-47C9-9687-ABF25F617ED7}"
EndProject
Project("{FAE04EC0-301F-11D3-BF4B-00C04F79EFBC}") = "Macro.ImageViewer.Common", "..\ImageViewer\Common\Macro.ImageViewer.Common.csproj", "{FEFD73C5-8541-47D2-BBDB-FF61DEA28291}"
EndProject
Project("{FAE04EC0-301F-11D3-BF4B-00C04F79EFBC}") = "Macro.Desktop", "..\Desktop\Macro.Desktop.csproj", "{26E9A01A-64B5-42C5-8252-FBB30DF9CEC7}"
EndProject
Project("{2150E333-8FDC-42A3-9474-1A3956D46DE8}") = "WebStation", "WebStation", "{F19BD5B6-A150-4899-B2C2-FA4E86BB5744}"
EndProject
Project("{FAE04EC0-301F-11D3-BF4B-00C04F79EFBC}") = "Macro.ImageViewer.AnnotationProviders", "..\ImageViewer\AnnotationProviders\Macro.ImageViewer.AnnotationProviders.csproj", "{A7C78084-947E-4955-9473-9F186B760AEC}"
EndProject
Project("{FAE04EC0-301F-11D3-BF4B-00C04F79EFBC}") = "Macro.ImageViewer.Configuration", "..\ImageViewer\Configuration\Macro.ImageViewer.Configuration.csproj", "{89DF567B-A0D1-456A-A28F-043FD57D7F9A}"
EndProject
Project("{FAE04EC0-301F-11D3-BF4B-00C04F79EFBC}") = "Macro.ImageViewer.Layout.Basic", "..\ImageViewer\Layout\Basic\Macro.ImageViewer.Layout.Basic.csproj", "{EA38C1F1-C4BD-4ED7-9B60-C95DF22D6A72}"
EndProject
Project("{FAE04EC0-301F-11D3-BF4B-00C04F79EFBC}") = "Macro.ImageViewer.StudyFinders.Remote", "..\ImageViewer\StudyFinders\Remote\Macro.ImageViewer.StudyFinders.Remote.csproj", "{4454D96D-8E43-44CB-987B-FCAFCD98BCC0}"
EndProject
Project("{FAE04EC0-301F-11D3-BF4B-00C04F79EFBC}") = "Macro.ImageViewer.StudyLoaders.Streaming", "..\ImageViewer\StudyLoaders\Streaming\Macro.ImageViewer.StudyLoaders.Streaming.csproj", "{7F89848A-B05C-4FF5-93D4-9B59A1A36F5E}"
EndProject
Project("{FAE04EC0-301F-11D3-BF4B-00C04F79EFBC}") = "Macro.ImageViewer.Tools.Measurement", "..\ImageViewer\Tools\Measurement\Macro.ImageViewer.Tools.Measurement.csproj", "{76E7A94E-5DCB-4B12-8D9E-7BD5084CE073}"
EndProject
Project("{FAE04EC0-301F-11D3-BF4B-00C04F79EFBC}") = "Macro.ImageViewer.Tools.Standard", "..\ImageViewer\Tools\Standard\Macro.ImageViewer.Tools.Standard.csproj", "{9AF0770C-7E9F-483F-8429-D7894F06EB6C}"
EndProject
Project("{FAE04EC0-301F-11D3-BF4B-00C04F79EFBC}") = "Macro.ImageViewer.Tools.Synchronization", "..\ImageViewer\Tools\Synchronization\Macro.ImageViewer.Tools.Synchronization.csproj", "{86CD94ED-BB4C-46C0-B54D-5F1EAE5A18D7}"
EndProject
Project("{FAE04EC0-301F-11D3-BF4B-00C04F79EFBC}") = "Macro.ImageViewer.Web", "..\ImageViewer\Web\Macro.ImageViewer.Web.csproj", "{22D28323-54BA-46DE-91F3-4EC9C7D26356}"
EndProject
Project("{FAE04EC0-301F-11D3-BF4B-00C04F79EFBC}") = "Macro.ImageViewer.Web.Common", "..\ImageViewer\Web\Common\Macro.ImageViewer.Web.Common.csproj", "{E53B5474-B705-4373-B1DE-0CC7162734A2}"
EndProject
Project("{FAE04EC0-301F-11D3-BF4B-00C04F79EFBC}") = "Macro.ImageViewer.Web.Server.ImageServer", "..\ImageViewer\Web\Server\ImageServer\Macro.ImageViewer.Web.Server.ImageServer.csproj", "{750A1C5B-2A1F-4ECF-9DBF-34AD775824B5}"
EndProject
Project("{FAE04EC0-301F-11D3-BF4B-00C04F79EFBC}") = "Macro.Web.Common", "..\Web\Common\Macro.Web.Common.csproj", "{EEB72380-0C31-4EBA-81B6-4B467431FFF2}"
EndProject
Project("{FAE04EC0-301F-11D3-BF4B-00C04F79EFBC}") = "Macro.Web.Services", "..\Web\Services\Macro.Web.Services.csproj", "{8EAC6A5A-ADC1-49E4-B1A3-9A87812EE661}"
EndProject
Global
	GlobalSection(SolutionConfigurationPlatforms) = preSolution
		Debug|Any CPU = Debug|Any CPU
		Debug|Mixed Platforms = Debug|Mixed Platforms
		Debug|Win32 = Debug|Win32
		Release|Any CPU = Release|Any CPU
		Release|Mixed Platforms = Release|Mixed Platforms
		Release|Win32 = Release|Win32
		UNIT_TESTS_USAGE_TRACKING|Any CPU = UNIT_TESTS_USAGE_TRACKING|Any CPU
		UNIT_TESTS_USAGE_TRACKING|Mixed Platforms = UNIT_TESTS_USAGE_TRACKING|Mixed Platforms
		UNIT_TESTS_USAGE_TRACKING|Win32 = UNIT_TESTS_USAGE_TRACKING|Win32
	EndGlobalSection
	GlobalSection(ProjectConfigurationPlatforms) = postSolution
		{7462F6BA-5634-4ED5-A4E1-707F3F43D113}.Debug|Any CPU.ActiveCfg = Debug|Any CPU
		{7462F6BA-5634-4ED5-A4E1-707F3F43D113}.Debug|Any CPU.Build.0 = Debug|Any CPU
		{7462F6BA-5634-4ED5-A4E1-707F3F43D113}.Debug|Mixed Platforms.ActiveCfg = Debug|Any CPU
		{7462F6BA-5634-4ED5-A4E1-707F3F43D113}.Debug|Mixed Platforms.Build.0 = Debug|Any CPU
		{7462F6BA-5634-4ED5-A4E1-707F3F43D113}.Debug|Win32.ActiveCfg = Debug|Any CPU
		{7462F6BA-5634-4ED5-A4E1-707F3F43D113}.Debug|Win32.Build.0 = Debug|Any CPU
		{7462F6BA-5634-4ED5-A4E1-707F3F43D113}.Release|Any CPU.ActiveCfg = Release|Any CPU
		{7462F6BA-5634-4ED5-A4E1-707F3F43D113}.Release|Any CPU.Build.0 = Release|Any CPU
		{7462F6BA-5634-4ED5-A4E1-707F3F43D113}.Release|Mixed Platforms.ActiveCfg = Release|Any CPU
		{7462F6BA-5634-4ED5-A4E1-707F3F43D113}.Release|Mixed Platforms.Build.0 = Release|Any CPU
		{7462F6BA-5634-4ED5-A4E1-707F3F43D113}.Release|Win32.ActiveCfg = Release|Any CPU
		{7462F6BA-5634-4ED5-A4E1-707F3F43D113}.Release|Win32.Build.0 = Release|Any CPU
		{7462F6BA-5634-4ED5-A4E1-707F3F43D113}.UNIT_TESTS_USAGE_TRACKING|Any CPU.ActiveCfg = Release|Any CPU
		{7462F6BA-5634-4ED5-A4E1-707F3F43D113}.UNIT_TESTS_USAGE_TRACKING|Any CPU.Build.0 = Release|Any CPU
		{7462F6BA-5634-4ED5-A4E1-707F3F43D113}.UNIT_TESTS_USAGE_TRACKING|Mixed Platforms.ActiveCfg = Release|Any CPU
		{7462F6BA-5634-4ED5-A4E1-707F3F43D113}.UNIT_TESTS_USAGE_TRACKING|Mixed Platforms.Build.0 = Release|Any CPU
		{7462F6BA-5634-4ED5-A4E1-707F3F43D113}.UNIT_TESTS_USAGE_TRACKING|Win32.ActiveCfg = Release|Any CPU
		{8347B928-805E-42E7-B980-08D8AF1A0671}.Debug|Any CPU.ActiveCfg = Debug|Any CPU
		{8347B928-805E-42E7-B980-08D8AF1A0671}.Debug|Any CPU.Build.0 = Debug|Any CPU
		{8347B928-805E-42E7-B980-08D8AF1A0671}.Debug|Mixed Platforms.ActiveCfg = Debug|Any CPU
		{8347B928-805E-42E7-B980-08D8AF1A0671}.Debug|Mixed Platforms.Build.0 = Debug|Any CPU
		{8347B928-805E-42E7-B980-08D8AF1A0671}.Debug|Win32.ActiveCfg = Debug|Any CPU
		{8347B928-805E-42E7-B980-08D8AF1A0671}.Debug|Win32.Build.0 = Debug|Any CPU
		{8347B928-805E-42E7-B980-08D8AF1A0671}.Release|Any CPU.ActiveCfg = Release|Any CPU
		{8347B928-805E-42E7-B980-08D8AF1A0671}.Release|Any CPU.Build.0 = Release|Any CPU
		{8347B928-805E-42E7-B980-08D8AF1A0671}.Release|Mixed Platforms.ActiveCfg = Release|Any CPU
		{8347B928-805E-42E7-B980-08D8AF1A0671}.Release|Mixed Platforms.Build.0 = Release|Any CPU
		{8347B928-805E-42E7-B980-08D8AF1A0671}.Release|Win32.ActiveCfg = Release|Any CPU
		{8347B928-805E-42E7-B980-08D8AF1A0671}.Release|Win32.Build.0 = Release|Any CPU
		{8347B928-805E-42E7-B980-08D8AF1A0671}.UNIT_TESTS_USAGE_TRACKING|Any CPU.ActiveCfg = Release|Any CPU
		{8347B928-805E-42E7-B980-08D8AF1A0671}.UNIT_TESTS_USAGE_TRACKING|Any CPU.Build.0 = Release|Any CPU
		{8347B928-805E-42E7-B980-08D8AF1A0671}.UNIT_TESTS_USAGE_TRACKING|Mixed Platforms.ActiveCfg = Release|Any CPU
		{8347B928-805E-42E7-B980-08D8AF1A0671}.UNIT_TESTS_USAGE_TRACKING|Mixed Platforms.Build.0 = Release|Any CPU
		{8347B928-805E-42E7-B980-08D8AF1A0671}.UNIT_TESTS_USAGE_TRACKING|Win32.ActiveCfg = Release|Any CPU
		{AD9ECE2B-8268-4115-8DC8-860FBD011FFF}.Debug|Any CPU.ActiveCfg = Debug|Any CPU
		{AD9ECE2B-8268-4115-8DC8-860FBD011FFF}.Debug|Any CPU.Build.0 = Debug|Any CPU
		{AD9ECE2B-8268-4115-8DC8-860FBD011FFF}.Debug|Mixed Platforms.ActiveCfg = Debug|Any CPU
		{AD9ECE2B-8268-4115-8DC8-860FBD011FFF}.Debug|Mixed Platforms.Build.0 = Debug|Any CPU
		{AD9ECE2B-8268-4115-8DC8-860FBD011FFF}.Debug|Win32.ActiveCfg = Debug|Any CPU
		{AD9ECE2B-8268-4115-8DC8-860FBD011FFF}.Debug|Win32.Build.0 = Debug|Any CPU
		{AD9ECE2B-8268-4115-8DC8-860FBD011FFF}.Release|Any CPU.ActiveCfg = Release|Any CPU
		{AD9ECE2B-8268-4115-8DC8-860FBD011FFF}.Release|Any CPU.Build.0 = Release|Any CPU
		{AD9ECE2B-8268-4115-8DC8-860FBD011FFF}.Release|Mixed Platforms.ActiveCfg = Release|Any CPU
		{AD9ECE2B-8268-4115-8DC8-860FBD011FFF}.Release|Mixed Platforms.Build.0 = Release|Any CPU
		{AD9ECE2B-8268-4115-8DC8-860FBD011FFF}.Release|Win32.ActiveCfg = Release|Any CPU
		{AD9ECE2B-8268-4115-8DC8-860FBD011FFF}.Release|Win32.Build.0 = Release|Any CPU
		{AD9ECE2B-8268-4115-8DC8-860FBD011FFF}.UNIT_TESTS_USAGE_TRACKING|Any CPU.ActiveCfg = Release|Any CPU
		{AD9ECE2B-8268-4115-8DC8-860FBD011FFF}.UNIT_TESTS_USAGE_TRACKING|Any CPU.Build.0 = Release|Any CPU
		{AD9ECE2B-8268-4115-8DC8-860FBD011FFF}.UNIT_TESTS_USAGE_TRACKING|Mixed Platforms.ActiveCfg = Release|Any CPU
		{AD9ECE2B-8268-4115-8DC8-860FBD011FFF}.UNIT_TESTS_USAGE_TRACKING|Mixed Platforms.Build.0 = Release|Any CPU
		{AD9ECE2B-8268-4115-8DC8-860FBD011FFF}.UNIT_TESTS_USAGE_TRACKING|Win32.ActiveCfg = Release|Any CPU
		{6EABFD8A-B727-4B9C-800D-ADCBDE339639}.Debug|Any CPU.ActiveCfg = Debug|Any CPU
		{6EABFD8A-B727-4B9C-800D-ADCBDE339639}.Debug|Any CPU.Build.0 = Debug|Any CPU
		{6EABFD8A-B727-4B9C-800D-ADCBDE339639}.Debug|Mixed Platforms.ActiveCfg = Debug|Any CPU
		{6EABFD8A-B727-4B9C-800D-ADCBDE339639}.Debug|Mixed Platforms.Build.0 = Debug|Any CPU
		{6EABFD8A-B727-4B9C-800D-ADCBDE339639}.Debug|Win32.ActiveCfg = Debug|Any CPU
		{6EABFD8A-B727-4B9C-800D-ADCBDE339639}.Debug|Win32.Build.0 = Debug|Any CPU
		{6EABFD8A-B727-4B9C-800D-ADCBDE339639}.Release|Any CPU.ActiveCfg = Release|Any CPU
		{6EABFD8A-B727-4B9C-800D-ADCBDE339639}.Release|Any CPU.Build.0 = Release|Any CPU
		{6EABFD8A-B727-4B9C-800D-ADCBDE339639}.Release|Mixed Platforms.ActiveCfg = Release|Any CPU
		{6EABFD8A-B727-4B9C-800D-ADCBDE339639}.Release|Mixed Platforms.Build.0 = Release|Any CPU
		{6EABFD8A-B727-4B9C-800D-ADCBDE339639}.Release|Win32.ActiveCfg = Release|Any CPU
		{6EABFD8A-B727-4B9C-800D-ADCBDE339639}.Release|Win32.Build.0 = Release|Any CPU
		{6EABFD8A-B727-4B9C-800D-ADCBDE339639}.UNIT_TESTS_USAGE_TRACKING|Any CPU.ActiveCfg = Release|Any CPU
		{6EABFD8A-B727-4B9C-800D-ADCBDE339639}.UNIT_TESTS_USAGE_TRACKING|Any CPU.Build.0 = Release|Any CPU
		{6EABFD8A-B727-4B9C-800D-ADCBDE339639}.UNIT_TESTS_USAGE_TRACKING|Mixed Platforms.ActiveCfg = Release|Any CPU
		{6EABFD8A-B727-4B9C-800D-ADCBDE339639}.UNIT_TESTS_USAGE_TRACKING|Mixed Platforms.Build.0 = Release|Any CPU
		{6EABFD8A-B727-4B9C-800D-ADCBDE339639}.UNIT_TESTS_USAGE_TRACKING|Win32.ActiveCfg = Release|Any CPU
		{B5EBFFD7-6641-4932-91C9-4C4322B41868}.Debug|Any CPU.ActiveCfg = Debug|Any CPU
		{B5EBFFD7-6641-4932-91C9-4C4322B41868}.Debug|Any CPU.Build.0 = Debug|Any CPU
		{B5EBFFD7-6641-4932-91C9-4C4322B41868}.Debug|Mixed Platforms.ActiveCfg = Debug|Any CPU
		{B5EBFFD7-6641-4932-91C9-4C4322B41868}.Debug|Mixed Platforms.Build.0 = Debug|Any CPU
		{B5EBFFD7-6641-4932-91C9-4C4322B41868}.Debug|Win32.ActiveCfg = Debug|Any CPU
		{B5EBFFD7-6641-4932-91C9-4C4322B41868}.Debug|Win32.Build.0 = Debug|Any CPU
		{B5EBFFD7-6641-4932-91C9-4C4322B41868}.Release|Any CPU.ActiveCfg = Release|Any CPU
		{B5EBFFD7-6641-4932-91C9-4C4322B41868}.Release|Any CPU.Build.0 = Release|Any CPU
		{B5EBFFD7-6641-4932-91C9-4C4322B41868}.Release|Mixed Platforms.ActiveCfg = Release|Any CPU
		{B5EBFFD7-6641-4932-91C9-4C4322B41868}.Release|Mixed Platforms.Build.0 = Release|Any CPU
		{B5EBFFD7-6641-4932-91C9-4C4322B41868}.Release|Win32.ActiveCfg = Release|Any CPU
		{B5EBFFD7-6641-4932-91C9-4C4322B41868}.Release|Win32.Build.0 = Release|Any CPU
		{B5EBFFD7-6641-4932-91C9-4C4322B41868}.UNIT_TESTS_USAGE_TRACKING|Any CPU.ActiveCfg = Release|Any CPU
		{B5EBFFD7-6641-4932-91C9-4C4322B41868}.UNIT_TESTS_USAGE_TRACKING|Any CPU.Build.0 = Release|Any CPU
		{B5EBFFD7-6641-4932-91C9-4C4322B41868}.UNIT_TESTS_USAGE_TRACKING|Mixed Platforms.ActiveCfg = Release|Any CPU
		{B5EBFFD7-6641-4932-91C9-4C4322B41868}.UNIT_TESTS_USAGE_TRACKING|Mixed Platforms.Build.0 = Release|Any CPU
		{B5EBFFD7-6641-4932-91C9-4C4322B41868}.UNIT_TESTS_USAGE_TRACKING|Win32.ActiveCfg = Release|Any CPU
		{431E9444-9915-4D49-B92D-9B7EC086622A}.Debug|Any CPU.ActiveCfg = Debug|Any CPU
		{431E9444-9915-4D49-B92D-9B7EC086622A}.Debug|Any CPU.Build.0 = Debug|Any CPU
		{431E9444-9915-4D49-B92D-9B7EC086622A}.Debug|Mixed Platforms.ActiveCfg = Debug|Any CPU
		{431E9444-9915-4D49-B92D-9B7EC086622A}.Debug|Mixed Platforms.Build.0 = Debug|Any CPU
		{431E9444-9915-4D49-B92D-9B7EC086622A}.Debug|Win32.ActiveCfg = Debug|Any CPU
		{431E9444-9915-4D49-B92D-9B7EC086622A}.Debug|Win32.Build.0 = Debug|Any CPU
		{431E9444-9915-4D49-B92D-9B7EC086622A}.Release|Any CPU.ActiveCfg = Release|Any CPU
		{431E9444-9915-4D49-B92D-9B7EC086622A}.Release|Any CPU.Build.0 = Release|Any CPU
		{431E9444-9915-4D49-B92D-9B7EC086622A}.Release|Mixed Platforms.ActiveCfg = Release|Any CPU
		{431E9444-9915-4D49-B92D-9B7EC086622A}.Release|Mixed Platforms.Build.0 = Release|Any CPU
		{431E9444-9915-4D49-B92D-9B7EC086622A}.Release|Win32.ActiveCfg = Release|Any CPU
		{431E9444-9915-4D49-B92D-9B7EC086622A}.Release|Win32.Build.0 = Release|Any CPU
		{431E9444-9915-4D49-B92D-9B7EC086622A}.UNIT_TESTS_USAGE_TRACKING|Any CPU.ActiveCfg = Release|Any CPU
		{431E9444-9915-4D49-B92D-9B7EC086622A}.UNIT_TESTS_USAGE_TRACKING|Any CPU.Build.0 = Release|Any CPU
		{431E9444-9915-4D49-B92D-9B7EC086622A}.UNIT_TESTS_USAGE_TRACKING|Mixed Platforms.ActiveCfg = Release|Any CPU
		{431E9444-9915-4D49-B92D-9B7EC086622A}.UNIT_TESTS_USAGE_TRACKING|Mixed Platforms.Build.0 = Release|Any CPU
		{431E9444-9915-4D49-B92D-9B7EC086622A}.UNIT_TESTS_USAGE_TRACKING|Win32.ActiveCfg = Release|Any CPU
		{DDFB1D25-75AE-43A6-A7A5-33D173EFFD04}.Debug|Any CPU.ActiveCfg = Debug|Any CPU
		{DDFB1D25-75AE-43A6-A7A5-33D173EFFD04}.Debug|Any CPU.Build.0 = Debug|Any CPU
		{DDFB1D25-75AE-43A6-A7A5-33D173EFFD04}.Debug|Mixed Platforms.ActiveCfg = Debug|Any CPU
		{DDFB1D25-75AE-43A6-A7A5-33D173EFFD04}.Debug|Mixed Platforms.Build.0 = Debug|Any CPU
		{DDFB1D25-75AE-43A6-A7A5-33D173EFFD04}.Debug|Win32.ActiveCfg = Debug|Any CPU
		{DDFB1D25-75AE-43A6-A7A5-33D173EFFD04}.Debug|Win32.Build.0 = Debug|Any CPU
		{DDFB1D25-75AE-43A6-A7A5-33D173EFFD04}.Release|Any CPU.ActiveCfg = Release|Any CPU
		{DDFB1D25-75AE-43A6-A7A5-33D173EFFD04}.Release|Any CPU.Build.0 = Release|Any CPU
		{DDFB1D25-75AE-43A6-A7A5-33D173EFFD04}.Release|Mixed Platforms.ActiveCfg = Release|Any CPU
		{DDFB1D25-75AE-43A6-A7A5-33D173EFFD04}.Release|Mixed Platforms.Build.0 = Release|Any CPU
		{DDFB1D25-75AE-43A6-A7A5-33D173EFFD04}.Release|Win32.ActiveCfg = Release|Any CPU
		{DDFB1D25-75AE-43A6-A7A5-33D173EFFD04}.Release|Win32.Build.0 = Release|Any CPU
		{DDFB1D25-75AE-43A6-A7A5-33D173EFFD04}.UNIT_TESTS_USAGE_TRACKING|Any CPU.ActiveCfg = Release|Any CPU
		{DDFB1D25-75AE-43A6-A7A5-33D173EFFD04}.UNIT_TESTS_USAGE_TRACKING|Any CPU.Build.0 = Release|Any CPU
		{DDFB1D25-75AE-43A6-A7A5-33D173EFFD04}.UNIT_TESTS_USAGE_TRACKING|Mixed Platforms.ActiveCfg = Release|Any CPU
		{DDFB1D25-75AE-43A6-A7A5-33D173EFFD04}.UNIT_TESTS_USAGE_TRACKING|Mixed Platforms.Build.0 = Release|Any CPU
		{DDFB1D25-75AE-43A6-A7A5-33D173EFFD04}.UNIT_TESTS_USAGE_TRACKING|Win32.ActiveCfg = Release|Any CPU
		{F6EAD428-E6CF-4DF6-B2F3-D33D532C5343}.Debug|Any CPU.ActiveCfg = Debug|Any CPU
		{F6EAD428-E6CF-4DF6-B2F3-D33D532C5343}.Debug|Any CPU.Build.0 = Debug|Any CPU
		{F6EAD428-E6CF-4DF6-B2F3-D33D532C5343}.Debug|Mixed Platforms.ActiveCfg = Debug|Any CPU
		{F6EAD428-E6CF-4DF6-B2F3-D33D532C5343}.Debug|Mixed Platforms.Build.0 = Debug|Any CPU
		{F6EAD428-E6CF-4DF6-B2F3-D33D532C5343}.Debug|Win32.ActiveCfg = Debug|Any CPU
		{F6EAD428-E6CF-4DF6-B2F3-D33D532C5343}.Debug|Win32.Build.0 = Debug|Any CPU
		{F6EAD428-E6CF-4DF6-B2F3-D33D532C5343}.Release|Any CPU.ActiveCfg = Release|Any CPU
		{F6EAD428-E6CF-4DF6-B2F3-D33D532C5343}.Release|Any CPU.Build.0 = Release|Any CPU
		{F6EAD428-E6CF-4DF6-B2F3-D33D532C5343}.Release|Mixed Platforms.ActiveCfg = Release|Any CPU
		{F6EAD428-E6CF-4DF6-B2F3-D33D532C5343}.Release|Mixed Platforms.Build.0 = Release|Any CPU
		{F6EAD428-E6CF-4DF6-B2F3-D33D532C5343}.Release|Win32.ActiveCfg = Release|Any CPU
		{F6EAD428-E6CF-4DF6-B2F3-D33D532C5343}.Release|Win32.Build.0 = Release|Any CPU
		{F6EAD428-E6CF-4DF6-B2F3-D33D532C5343}.UNIT_TESTS_USAGE_TRACKING|Any CPU.ActiveCfg = UNIT_TESTS_USAGE_TRACKING|Any CPU
		{F6EAD428-E6CF-4DF6-B2F3-D33D532C5343}.UNIT_TESTS_USAGE_TRACKING|Any CPU.Build.0 = UNIT_TESTS_USAGE_TRACKING|Any CPU
		{F6EAD428-E6CF-4DF6-B2F3-D33D532C5343}.UNIT_TESTS_USAGE_TRACKING|Mixed Platforms.ActiveCfg = UNIT_TESTS_USAGE_TRACKING|Any CPU
		{F6EAD428-E6CF-4DF6-B2F3-D33D532C5343}.UNIT_TESTS_USAGE_TRACKING|Mixed Platforms.Build.0 = UNIT_TESTS_USAGE_TRACKING|Any CPU
		{F6EAD428-E6CF-4DF6-B2F3-D33D532C5343}.UNIT_TESTS_USAGE_TRACKING|Win32.ActiveCfg = UNIT_TESTS_USAGE_TRACKING|Any CPU
		{86CA6EDB-DE59-45E9-8BD8-832FBB3F8009}.Debug|Any CPU.ActiveCfg = Debug|Any CPU
		{86CA6EDB-DE59-45E9-8BD8-832FBB3F8009}.Debug|Any CPU.Build.0 = Debug|Any CPU
		{86CA6EDB-DE59-45E9-8BD8-832FBB3F8009}.Debug|Mixed Platforms.ActiveCfg = Debug|Any CPU
		{86CA6EDB-DE59-45E9-8BD8-832FBB3F8009}.Debug|Mixed Platforms.Build.0 = Debug|Any CPU
		{86CA6EDB-DE59-45E9-8BD8-832FBB3F8009}.Debug|Win32.ActiveCfg = Debug|Any CPU
		{86CA6EDB-DE59-45E9-8BD8-832FBB3F8009}.Debug|Win32.Build.0 = Debug|Any CPU
		{86CA6EDB-DE59-45E9-8BD8-832FBB3F8009}.Release|Any CPU.ActiveCfg = Release|Any CPU
		{86CA6EDB-DE59-45E9-8BD8-832FBB3F8009}.Release|Any CPU.Build.0 = Release|Any CPU
		{86CA6EDB-DE59-45E9-8BD8-832FBB3F8009}.Release|Mixed Platforms.ActiveCfg = Release|Any CPU
		{86CA6EDB-DE59-45E9-8BD8-832FBB3F8009}.Release|Mixed Platforms.Build.0 = Release|Any CPU
		{86CA6EDB-DE59-45E9-8BD8-832FBB3F8009}.Release|Win32.ActiveCfg = Release|Any CPU
		{86CA6EDB-DE59-45E9-8BD8-832FBB3F8009}.Release|Win32.Build.0 = Release|Any CPU
		{86CA6EDB-DE59-45E9-8BD8-832FBB3F8009}.UNIT_TESTS_USAGE_TRACKING|Any CPU.ActiveCfg = Release|Any CPU
		{86CA6EDB-DE59-45E9-8BD8-832FBB3F8009}.UNIT_TESTS_USAGE_TRACKING|Any CPU.Build.0 = Release|Any CPU
		{86CA6EDB-DE59-45E9-8BD8-832FBB3F8009}.UNIT_TESTS_USAGE_TRACKING|Mixed Platforms.ActiveCfg = Release|Any CPU
		{86CA6EDB-DE59-45E9-8BD8-832FBB3F8009}.UNIT_TESTS_USAGE_TRACKING|Mixed Platforms.Build.0 = Release|Any CPU
		{86CA6EDB-DE59-45E9-8BD8-832FBB3F8009}.UNIT_TESTS_USAGE_TRACKING|Win32.ActiveCfg = Release|Any CPU
		{523EDDC1-7C6E-404D-A8ED-5F043F5E6BE3}.Debug|Any CPU.ActiveCfg = Debug|Any CPU
		{523EDDC1-7C6E-404D-A8ED-5F043F5E6BE3}.Debug|Any CPU.Build.0 = Debug|Any CPU
		{523EDDC1-7C6E-404D-A8ED-5F043F5E6BE3}.Debug|Mixed Platforms.ActiveCfg = Debug|Any CPU
		{523EDDC1-7C6E-404D-A8ED-5F043F5E6BE3}.Debug|Mixed Platforms.Build.0 = Debug|Any CPU
		{523EDDC1-7C6E-404D-A8ED-5F043F5E6BE3}.Debug|Win32.ActiveCfg = Debug|Any CPU
		{523EDDC1-7C6E-404D-A8ED-5F043F5E6BE3}.Debug|Win32.Build.0 = Debug|Any CPU
		{523EDDC1-7C6E-404D-A8ED-5F043F5E6BE3}.Release|Any CPU.ActiveCfg = Release|Any CPU
		{523EDDC1-7C6E-404D-A8ED-5F043F5E6BE3}.Release|Any CPU.Build.0 = Release|Any CPU
		{523EDDC1-7C6E-404D-A8ED-5F043F5E6BE3}.Release|Mixed Platforms.ActiveCfg = Release|Any CPU
		{523EDDC1-7C6E-404D-A8ED-5F043F5E6BE3}.Release|Mixed Platforms.Build.0 = Release|Any CPU
		{523EDDC1-7C6E-404D-A8ED-5F043F5E6BE3}.Release|Win32.ActiveCfg = Release|Any CPU
		{523EDDC1-7C6E-404D-A8ED-5F043F5E6BE3}.Release|Win32.Build.0 = Release|Any CPU
		{523EDDC1-7C6E-404D-A8ED-5F043F5E6BE3}.UNIT_TESTS_USAGE_TRACKING|Any CPU.ActiveCfg = Release|Any CPU
		{523EDDC1-7C6E-404D-A8ED-5F043F5E6BE3}.UNIT_TESTS_USAGE_TRACKING|Any CPU.Build.0 = Release|Any CPU
		{523EDDC1-7C6E-404D-A8ED-5F043F5E6BE3}.UNIT_TESTS_USAGE_TRACKING|Mixed Platforms.ActiveCfg = Release|Any CPU
		{523EDDC1-7C6E-404D-A8ED-5F043F5E6BE3}.UNIT_TESTS_USAGE_TRACKING|Mixed Platforms.Build.0 = Release|Any CPU
		{523EDDC1-7C6E-404D-A8ED-5F043F5E6BE3}.UNIT_TESTS_USAGE_TRACKING|Win32.ActiveCfg = Release|Any CPU
		{316C730A-492A-4201-87CD-3C2F3260571C}.Debug|Any CPU.ActiveCfg = Debug|Any CPU
		{316C730A-492A-4201-87CD-3C2F3260571C}.Debug|Any CPU.Build.0 = Debug|Any CPU
		{316C730A-492A-4201-87CD-3C2F3260571C}.Debug|Mixed Platforms.ActiveCfg = Debug|Any CPU
		{316C730A-492A-4201-87CD-3C2F3260571C}.Debug|Mixed Platforms.Build.0 = Debug|Any CPU
		{316C730A-492A-4201-87CD-3C2F3260571C}.Debug|Win32.ActiveCfg = Debug|Any CPU
		{316C730A-492A-4201-87CD-3C2F3260571C}.Debug|Win32.Build.0 = Debug|Any CPU
		{316C730A-492A-4201-87CD-3C2F3260571C}.Release|Any CPU.ActiveCfg = Release|Any CPU
		{316C730A-492A-4201-87CD-3C2F3260571C}.Release|Any CPU.Build.0 = Release|Any CPU
		{316C730A-492A-4201-87CD-3C2F3260571C}.Release|Mixed Platforms.ActiveCfg = Release|Any CPU
		{316C730A-492A-4201-87CD-3C2F3260571C}.Release|Mixed Platforms.Build.0 = Release|Any CPU
		{316C730A-492A-4201-87CD-3C2F3260571C}.Release|Win32.ActiveCfg = Release|Any CPU
		{316C730A-492A-4201-87CD-3C2F3260571C}.Release|Win32.Build.0 = Release|Any CPU
		{316C730A-492A-4201-87CD-3C2F3260571C}.UNIT_TESTS_USAGE_TRACKING|Any CPU.ActiveCfg = Release|Any CPU
		{316C730A-492A-4201-87CD-3C2F3260571C}.UNIT_TESTS_USAGE_TRACKING|Any CPU.Build.0 = Release|Any CPU
		{316C730A-492A-4201-87CD-3C2F3260571C}.UNIT_TESTS_USAGE_TRACKING|Mixed Platforms.ActiveCfg = Release|Any CPU
		{316C730A-492A-4201-87CD-3C2F3260571C}.UNIT_TESTS_USAGE_TRACKING|Mixed Platforms.Build.0 = Release|Any CPU
		{316C730A-492A-4201-87CD-3C2F3260571C}.UNIT_TESTS_USAGE_TRACKING|Win32.ActiveCfg = Release|Any CPU
		{DF8F531F-5AE4-4AC1-A086-B50FB799EEF1}.Debug|Any CPU.ActiveCfg = Debug|Any CPU
		{DF8F531F-5AE4-4AC1-A086-B50FB799EEF1}.Debug|Any CPU.Build.0 = Debug|Any CPU
		{DF8F531F-5AE4-4AC1-A086-B50FB799EEF1}.Debug|Mixed Platforms.ActiveCfg = Debug|Any CPU
		{DF8F531F-5AE4-4AC1-A086-B50FB799EEF1}.Debug|Mixed Platforms.Build.0 = Debug|Any CPU
		{DF8F531F-5AE4-4AC1-A086-B50FB799EEF1}.Debug|Win32.ActiveCfg = Debug|Any CPU
		{DF8F531F-5AE4-4AC1-A086-B50FB799EEF1}.Debug|Win32.Build.0 = Debug|Any CPU
		{DF8F531F-5AE4-4AC1-A086-B50FB799EEF1}.Release|Any CPU.ActiveCfg = Release|Any CPU
		{DF8F531F-5AE4-4AC1-A086-B50FB799EEF1}.Release|Any CPU.Build.0 = Release|Any CPU
		{DF8F531F-5AE4-4AC1-A086-B50FB799EEF1}.Release|Mixed Platforms.ActiveCfg = Release|Any CPU
		{DF8F531F-5AE4-4AC1-A086-B50FB799EEF1}.Release|Mixed Platforms.Build.0 = Release|Any CPU
		{DF8F531F-5AE4-4AC1-A086-B50FB799EEF1}.Release|Win32.ActiveCfg = Release|Any CPU
		{DF8F531F-5AE4-4AC1-A086-B50FB799EEF1}.Release|Win32.Build.0 = Release|Any CPU
		{DF8F531F-5AE4-4AC1-A086-B50FB799EEF1}.UNIT_TESTS_USAGE_TRACKING|Any CPU.ActiveCfg = Release|Any CPU
		{DF8F531F-5AE4-4AC1-A086-B50FB799EEF1}.UNIT_TESTS_USAGE_TRACKING|Any CPU.Build.0 = Release|Any CPU
		{DF8F531F-5AE4-4AC1-A086-B50FB799EEF1}.UNIT_TESTS_USAGE_TRACKING|Mixed Platforms.ActiveCfg = Release|Any CPU
		{DF8F531F-5AE4-4AC1-A086-B50FB799EEF1}.UNIT_TESTS_USAGE_TRACKING|Mixed Platforms.Build.0 = Release|Any CPU
		{DF8F531F-5AE4-4AC1-A086-B50FB799EEF1}.UNIT_TESTS_USAGE_TRACKING|Win32.ActiveCfg = Release|Any CPU
		{65B9B08C-EAE4-4EE2-B164-905B03134443}.Debug|Any CPU.ActiveCfg = Debug|Any CPU
		{65B9B08C-EAE4-4EE2-B164-905B03134443}.Debug|Any CPU.Build.0 = Debug|Any CPU
		{65B9B08C-EAE4-4EE2-B164-905B03134443}.Debug|Mixed Platforms.ActiveCfg = Debug|Any CPU
		{65B9B08C-EAE4-4EE2-B164-905B03134443}.Debug|Mixed Platforms.Build.0 = Debug|Any CPU
		{65B9B08C-EAE4-4EE2-B164-905B03134443}.Debug|Win32.ActiveCfg = Debug|Any CPU
		{65B9B08C-EAE4-4EE2-B164-905B03134443}.Debug|Win32.Build.0 = Debug|Any CPU
		{65B9B08C-EAE4-4EE2-B164-905B03134443}.Release|Any CPU.ActiveCfg = Release|Any CPU
		{65B9B08C-EAE4-4EE2-B164-905B03134443}.Release|Any CPU.Build.0 = Release|Any CPU
		{65B9B08C-EAE4-4EE2-B164-905B03134443}.Release|Mixed Platforms.ActiveCfg = Release|Any CPU
		{65B9B08C-EAE4-4EE2-B164-905B03134443}.Release|Mixed Platforms.Build.0 = Release|Any CPU
		{65B9B08C-EAE4-4EE2-B164-905B03134443}.Release|Win32.ActiveCfg = Release|Any CPU
		{65B9B08C-EAE4-4EE2-B164-905B03134443}.Release|Win32.Build.0 = Release|Any CPU
		{65B9B08C-EAE4-4EE2-B164-905B03134443}.UNIT_TESTS_USAGE_TRACKING|Any CPU.ActiveCfg = Release|Any CPU
		{65B9B08C-EAE4-4EE2-B164-905B03134443}.UNIT_TESTS_USAGE_TRACKING|Any CPU.Build.0 = Release|Any CPU
		{65B9B08C-EAE4-4EE2-B164-905B03134443}.UNIT_TESTS_USAGE_TRACKING|Mixed Platforms.ActiveCfg = Release|Any CPU
		{65B9B08C-EAE4-4EE2-B164-905B03134443}.UNIT_TESTS_USAGE_TRACKING|Mixed Platforms.Build.0 = Release|Any CPU
		{65B9B08C-EAE4-4EE2-B164-905B03134443}.UNIT_TESTS_USAGE_TRACKING|Win32.ActiveCfg = Release|Any CPU
		{ACB80CF0-35D3-491B-A561-CF66BF7FA2BA}.Debug|Any CPU.ActiveCfg = Debug|Any CPU
		{ACB80CF0-35D3-491B-A561-CF66BF7FA2BA}.Debug|Any CPU.Build.0 = Debug|Any CPU
		{ACB80CF0-35D3-491B-A561-CF66BF7FA2BA}.Debug|Mixed Platforms.ActiveCfg = Debug|Any CPU
		{ACB80CF0-35D3-491B-A561-CF66BF7FA2BA}.Debug|Mixed Platforms.Build.0 = Debug|Any CPU
		{ACB80CF0-35D3-491B-A561-CF66BF7FA2BA}.Debug|Win32.ActiveCfg = Debug|Any CPU
		{ACB80CF0-35D3-491B-A561-CF66BF7FA2BA}.Debug|Win32.Build.0 = Debug|Any CPU
		{ACB80CF0-35D3-491B-A561-CF66BF7FA2BA}.Release|Any CPU.ActiveCfg = Release|Any CPU
		{ACB80CF0-35D3-491B-A561-CF66BF7FA2BA}.Release|Any CPU.Build.0 = Release|Any CPU
		{ACB80CF0-35D3-491B-A561-CF66BF7FA2BA}.Release|Mixed Platforms.ActiveCfg = Release|Any CPU
		{ACB80CF0-35D3-491B-A561-CF66BF7FA2BA}.Release|Mixed Platforms.Build.0 = Release|Any CPU
		{ACB80CF0-35D3-491B-A561-CF66BF7FA2BA}.Release|Win32.ActiveCfg = Release|Any CPU
		{ACB80CF0-35D3-491B-A561-CF66BF7FA2BA}.Release|Win32.Build.0 = Release|Any CPU
		{ACB80CF0-35D3-491B-A561-CF66BF7FA2BA}.UNIT_TESTS_USAGE_TRACKING|Any CPU.ActiveCfg = Release|Any CPU
		{ACB80CF0-35D3-491B-A561-CF66BF7FA2BA}.UNIT_TESTS_USAGE_TRACKING|Any CPU.Build.0 = Release|Any CPU
		{ACB80CF0-35D3-491B-A561-CF66BF7FA2BA}.UNIT_TESTS_USAGE_TRACKING|Mixed Platforms.ActiveCfg = Release|Any CPU
		{ACB80CF0-35D3-491B-A561-CF66BF7FA2BA}.UNIT_TESTS_USAGE_TRACKING|Mixed Platforms.Build.0 = Release|Any CPU
		{ACB80CF0-35D3-491B-A561-CF66BF7FA2BA}.UNIT_TESTS_USAGE_TRACKING|Win32.ActiveCfg = Release|Any CPU
		{9A4EF57B-2702-4931-9E94-B194707E87FA}.Debug|Any CPU.ActiveCfg = Debug|Any CPU
		{9A4EF57B-2702-4931-9E94-B194707E87FA}.Debug|Any CPU.Build.0 = Debug|Any CPU
		{9A4EF57B-2702-4931-9E94-B194707E87FA}.Debug|Mixed Platforms.ActiveCfg = Debug|Any CPU
		{9A4EF57B-2702-4931-9E94-B194707E87FA}.Debug|Mixed Platforms.Build.0 = Debug|Any CPU
		{9A4EF57B-2702-4931-9E94-B194707E87FA}.Debug|Win32.ActiveCfg = Debug|Any CPU
		{9A4EF57B-2702-4931-9E94-B194707E87FA}.Debug|Win32.Build.0 = Debug|Any CPU
		{9A4EF57B-2702-4931-9E94-B194707E87FA}.Release|Any CPU.ActiveCfg = Release|Any CPU
		{9A4EF57B-2702-4931-9E94-B194707E87FA}.Release|Any CPU.Build.0 = Release|Any CPU
		{9A4EF57B-2702-4931-9E94-B194707E87FA}.Release|Mixed Platforms.ActiveCfg = Release|Any CPU
		{9A4EF57B-2702-4931-9E94-B194707E87FA}.Release|Mixed Platforms.Build.0 = Release|Any CPU
		{9A4EF57B-2702-4931-9E94-B194707E87FA}.Release|Win32.ActiveCfg = Release|Any CPU
		{9A4EF57B-2702-4931-9E94-B194707E87FA}.Release|Win32.Build.0 = Release|Any CPU
		{9A4EF57B-2702-4931-9E94-B194707E87FA}.UNIT_TESTS_USAGE_TRACKING|Any CPU.ActiveCfg = Release|Any CPU
		{9A4EF57B-2702-4931-9E94-B194707E87FA}.UNIT_TESTS_USAGE_TRACKING|Any CPU.Build.0 = Release|Any CPU
		{9A4EF57B-2702-4931-9E94-B194707E87FA}.UNIT_TESTS_USAGE_TRACKING|Mixed Platforms.ActiveCfg = Release|Any CPU
		{9A4EF57B-2702-4931-9E94-B194707E87FA}.UNIT_TESTS_USAGE_TRACKING|Mixed Platforms.Build.0 = Release|Any CPU
		{9A4EF57B-2702-4931-9E94-B194707E87FA}.UNIT_TESTS_USAGE_TRACKING|Win32.ActiveCfg = Release|Any CPU
		{2719FA07-F89A-4FE1-A497-5FA4CDD08956}.Debug|Any CPU.ActiveCfg = Debug|Any CPU
		{2719FA07-F89A-4FE1-A497-5FA4CDD08956}.Debug|Any CPU.Build.0 = Debug|Any CPU
		{2719FA07-F89A-4FE1-A497-5FA4CDD08956}.Debug|Mixed Platforms.ActiveCfg = Debug|Any CPU
		{2719FA07-F89A-4FE1-A497-5FA4CDD08956}.Debug|Mixed Platforms.Build.0 = Debug|Any CPU
		{2719FA07-F89A-4FE1-A497-5FA4CDD08956}.Debug|Win32.ActiveCfg = Debug|Any CPU
		{2719FA07-F89A-4FE1-A497-5FA4CDD08956}.Debug|Win32.Build.0 = Debug|Any CPU
		{2719FA07-F89A-4FE1-A497-5FA4CDD08956}.Release|Any CPU.ActiveCfg = Release|Any CPU
		{2719FA07-F89A-4FE1-A497-5FA4CDD08956}.Release|Any CPU.Build.0 = Release|Any CPU
		{2719FA07-F89A-4FE1-A497-5FA4CDD08956}.Release|Mixed Platforms.ActiveCfg = Release|Any CPU
		{2719FA07-F89A-4FE1-A497-5FA4CDD08956}.Release|Mixed Platforms.Build.0 = Release|Any CPU
		{2719FA07-F89A-4FE1-A497-5FA4CDD08956}.Release|Win32.ActiveCfg = Release|Any CPU
		{2719FA07-F89A-4FE1-A497-5FA4CDD08956}.Release|Win32.Build.0 = Release|Any CPU
		{2719FA07-F89A-4FE1-A497-5FA4CDD08956}.UNIT_TESTS_USAGE_TRACKING|Any CPU.ActiveCfg = Release|Any CPU
		{2719FA07-F89A-4FE1-A497-5FA4CDD08956}.UNIT_TESTS_USAGE_TRACKING|Any CPU.Build.0 = Release|Any CPU
		{2719FA07-F89A-4FE1-A497-5FA4CDD08956}.UNIT_TESTS_USAGE_TRACKING|Mixed Platforms.ActiveCfg = Release|Any CPU
		{2719FA07-F89A-4FE1-A497-5FA4CDD08956}.UNIT_TESTS_USAGE_TRACKING|Mixed Platforms.Build.0 = Release|Any CPU
		{2719FA07-F89A-4FE1-A497-5FA4CDD08956}.UNIT_TESTS_USAGE_TRACKING|Win32.ActiveCfg = Release|Any CPU
		{AB89527E-B1B6-49A4-B3A0-D07948FC23E0}.Debug|Any CPU.ActiveCfg = Debug|Any CPU
		{AB89527E-B1B6-49A4-B3A0-D07948FC23E0}.Debug|Any CPU.Build.0 = Debug|Any CPU
		{AB89527E-B1B6-49A4-B3A0-D07948FC23E0}.Debug|Mixed Platforms.ActiveCfg = Debug|Any CPU
		{AB89527E-B1B6-49A4-B3A0-D07948FC23E0}.Debug|Mixed Platforms.Build.0 = Debug|Any CPU
		{AB89527E-B1B6-49A4-B3A0-D07948FC23E0}.Debug|Win32.ActiveCfg = Debug|Any CPU
		{AB89527E-B1B6-49A4-B3A0-D07948FC23E0}.Debug|Win32.Build.0 = Debug|Any CPU
		{AB89527E-B1B6-49A4-B3A0-D07948FC23E0}.Release|Any CPU.ActiveCfg = Release|Any CPU
		{AB89527E-B1B6-49A4-B3A0-D07948FC23E0}.Release|Any CPU.Build.0 = Release|Any CPU
		{AB89527E-B1B6-49A4-B3A0-D07948FC23E0}.Release|Mixed Platforms.ActiveCfg = Release|Any CPU
		{AB89527E-B1B6-49A4-B3A0-D07948FC23E0}.Release|Mixed Platforms.Build.0 = Release|Any CPU
		{AB89527E-B1B6-49A4-B3A0-D07948FC23E0}.Release|Win32.ActiveCfg = Release|Any CPU
		{AB89527E-B1B6-49A4-B3A0-D07948FC23E0}.Release|Win32.Build.0 = Release|Any CPU
		{AB89527E-B1B6-49A4-B3A0-D07948FC23E0}.UNIT_TESTS_USAGE_TRACKING|Any CPU.ActiveCfg = Release|Any CPU
		{AB89527E-B1B6-49A4-B3A0-D07948FC23E0}.UNIT_TESTS_USAGE_TRACKING|Any CPU.Build.0 = Release|Any CPU
		{AB89527E-B1B6-49A4-B3A0-D07948FC23E0}.UNIT_TESTS_USAGE_TRACKING|Mixed Platforms.ActiveCfg = Release|Any CPU
		{AB89527E-B1B6-49A4-B3A0-D07948FC23E0}.UNIT_TESTS_USAGE_TRACKING|Mixed Platforms.Build.0 = Release|Any CPU
		{AB89527E-B1B6-49A4-B3A0-D07948FC23E0}.UNIT_TESTS_USAGE_TRACKING|Win32.ActiveCfg = Release|Any CPU
		{805F162D-D55D-4018-B9AA-F5D087F31EF3}.Debug|Any CPU.ActiveCfg = Debug|Any CPU
		{805F162D-D55D-4018-B9AA-F5D087F31EF3}.Debug|Any CPU.Build.0 = Debug|Any CPU
		{805F162D-D55D-4018-B9AA-F5D087F31EF3}.Debug|Mixed Platforms.ActiveCfg = Debug|Any CPU
		{805F162D-D55D-4018-B9AA-F5D087F31EF3}.Debug|Mixed Platforms.Build.0 = Debug|Any CPU
		{805F162D-D55D-4018-B9AA-F5D087F31EF3}.Debug|Win32.ActiveCfg = Debug|Any CPU
		{805F162D-D55D-4018-B9AA-F5D087F31EF3}.Debug|Win32.Build.0 = Debug|Any CPU
		{805F162D-D55D-4018-B9AA-F5D087F31EF3}.Release|Any CPU.ActiveCfg = Release|Any CPU
		{805F162D-D55D-4018-B9AA-F5D087F31EF3}.Release|Any CPU.Build.0 = Release|Any CPU
		{805F162D-D55D-4018-B9AA-F5D087F31EF3}.Release|Mixed Platforms.ActiveCfg = Release|Any CPU
		{805F162D-D55D-4018-B9AA-F5D087F31EF3}.Release|Mixed Platforms.Build.0 = Release|Any CPU
		{805F162D-D55D-4018-B9AA-F5D087F31EF3}.Release|Win32.ActiveCfg = Release|Any CPU
		{805F162D-D55D-4018-B9AA-F5D087F31EF3}.Release|Win32.Build.0 = Release|Any CPU
		{805F162D-D55D-4018-B9AA-F5D087F31EF3}.UNIT_TESTS_USAGE_TRACKING|Any CPU.ActiveCfg = Release|Any CPU
		{805F162D-D55D-4018-B9AA-F5D087F31EF3}.UNIT_TESTS_USAGE_TRACKING|Any CPU.Build.0 = Release|Any CPU
		{805F162D-D55D-4018-B9AA-F5D087F31EF3}.UNIT_TESTS_USAGE_TRACKING|Mixed Platforms.ActiveCfg = Release|Any CPU
		{805F162D-D55D-4018-B9AA-F5D087F31EF3}.UNIT_TESTS_USAGE_TRACKING|Mixed Platforms.Build.0 = Release|Any CPU
		{805F162D-D55D-4018-B9AA-F5D087F31EF3}.UNIT_TESTS_USAGE_TRACKING|Win32.ActiveCfg = Release|Any CPU
		{0B678FD2-8B54-4931-B357-0A427F8C455F}.Debug|Any CPU.ActiveCfg = Debug|Any CPU
		{0B678FD2-8B54-4931-B357-0A427F8C455F}.Debug|Any CPU.Build.0 = Debug|Any CPU
		{0B678FD2-8B54-4931-B357-0A427F8C455F}.Debug|Mixed Platforms.ActiveCfg = Debug|Any CPU
		{0B678FD2-8B54-4931-B357-0A427F8C455F}.Debug|Mixed Platforms.Build.0 = Debug|Any CPU
		{0B678FD2-8B54-4931-B357-0A427F8C455F}.Debug|Win32.ActiveCfg = Debug|Any CPU
		{0B678FD2-8B54-4931-B357-0A427F8C455F}.Debug|Win32.Build.0 = Debug|Any CPU
		{0B678FD2-8B54-4931-B357-0A427F8C455F}.Release|Any CPU.ActiveCfg = Release|Any CPU
		{0B678FD2-8B54-4931-B357-0A427F8C455F}.Release|Any CPU.Build.0 = Release|Any CPU
		{0B678FD2-8B54-4931-B357-0A427F8C455F}.Release|Mixed Platforms.ActiveCfg = Release|Any CPU
		{0B678FD2-8B54-4931-B357-0A427F8C455F}.Release|Mixed Platforms.Build.0 = Release|Any CPU
		{0B678FD2-8B54-4931-B357-0A427F8C455F}.Release|Win32.ActiveCfg = Release|Any CPU
		{0B678FD2-8B54-4931-B357-0A427F8C455F}.Release|Win32.Build.0 = Release|Any CPU
		{0B678FD2-8B54-4931-B357-0A427F8C455F}.UNIT_TESTS_USAGE_TRACKING|Any CPU.ActiveCfg = Release|Any CPU
		{0B678FD2-8B54-4931-B357-0A427F8C455F}.UNIT_TESTS_USAGE_TRACKING|Any CPU.Build.0 = Release|Any CPU
		{0B678FD2-8B54-4931-B357-0A427F8C455F}.UNIT_TESTS_USAGE_TRACKING|Mixed Platforms.ActiveCfg = Release|Any CPU
		{0B678FD2-8B54-4931-B357-0A427F8C455F}.UNIT_TESTS_USAGE_TRACKING|Mixed Platforms.Build.0 = Release|Any CPU
		{0B678FD2-8B54-4931-B357-0A427F8C455F}.UNIT_TESTS_USAGE_TRACKING|Win32.ActiveCfg = Release|Any CPU
		{90C91F02-8AD3-43D1-B8C3-C0469213E3E5}.Debug|Any CPU.ActiveCfg = Debug|Any CPU
		{90C91F02-8AD3-43D1-B8C3-C0469213E3E5}.Debug|Any CPU.Build.0 = Debug|Any CPU
		{90C91F02-8AD3-43D1-B8C3-C0469213E3E5}.Debug|Mixed Platforms.ActiveCfg = Debug|Any CPU
		{90C91F02-8AD3-43D1-B8C3-C0469213E3E5}.Debug|Mixed Platforms.Build.0 = Debug|Any CPU
		{90C91F02-8AD3-43D1-B8C3-C0469213E3E5}.Debug|Win32.ActiveCfg = Debug|Any CPU
		{90C91F02-8AD3-43D1-B8C3-C0469213E3E5}.Debug|Win32.Build.0 = Debug|Any CPU
		{90C91F02-8AD3-43D1-B8C3-C0469213E3E5}.Release|Any CPU.ActiveCfg = Release|Any CPU
		{90C91F02-8AD3-43D1-B8C3-C0469213E3E5}.Release|Any CPU.Build.0 = Release|Any CPU
		{90C91F02-8AD3-43D1-B8C3-C0469213E3E5}.Release|Mixed Platforms.ActiveCfg = Release|Any CPU
		{90C91F02-8AD3-43D1-B8C3-C0469213E3E5}.Release|Mixed Platforms.Build.0 = Release|Any CPU
		{90C91F02-8AD3-43D1-B8C3-C0469213E3E5}.Release|Win32.ActiveCfg = Release|Any CPU
		{90C91F02-8AD3-43D1-B8C3-C0469213E3E5}.Release|Win32.Build.0 = Release|Any CPU
		{90C91F02-8AD3-43D1-B8C3-C0469213E3E5}.UNIT_TESTS_USAGE_TRACKING|Any CPU.ActiveCfg = Release|Any CPU
		{90C91F02-8AD3-43D1-B8C3-C0469213E3E5}.UNIT_TESTS_USAGE_TRACKING|Any CPU.Build.0 = Release|Any CPU
		{90C91F02-8AD3-43D1-B8C3-C0469213E3E5}.UNIT_TESTS_USAGE_TRACKING|Mixed Platforms.ActiveCfg = Release|Any CPU
		{90C91F02-8AD3-43D1-B8C3-C0469213E3E5}.UNIT_TESTS_USAGE_TRACKING|Mixed Platforms.Build.0 = Release|Any CPU
		{90C91F02-8AD3-43D1-B8C3-C0469213E3E5}.UNIT_TESTS_USAGE_TRACKING|Win32.ActiveCfg = Release|Any CPU
		{BE27922C-C8D7-4190-8F24-5D7C1623CAFA}.Debug|Any CPU.ActiveCfg = Debug|Any CPU
		{BE27922C-C8D7-4190-8F24-5D7C1623CAFA}.Debug|Any CPU.Build.0 = Debug|Any CPU
		{BE27922C-C8D7-4190-8F24-5D7C1623CAFA}.Debug|Mixed Platforms.ActiveCfg = Debug|Any CPU
		{BE27922C-C8D7-4190-8F24-5D7C1623CAFA}.Debug|Mixed Platforms.Build.0 = Debug|Any CPU
		{BE27922C-C8D7-4190-8F24-5D7C1623CAFA}.Debug|Win32.ActiveCfg = Debug|Any CPU
		{BE27922C-C8D7-4190-8F24-5D7C1623CAFA}.Debug|Win32.Build.0 = Debug|Any CPU
		{BE27922C-C8D7-4190-8F24-5D7C1623CAFA}.Release|Any CPU.ActiveCfg = Release|Any CPU
		{BE27922C-C8D7-4190-8F24-5D7C1623CAFA}.Release|Any CPU.Build.0 = Release|Any CPU
		{BE27922C-C8D7-4190-8F24-5D7C1623CAFA}.Release|Mixed Platforms.ActiveCfg = Release|Any CPU
		{BE27922C-C8D7-4190-8F24-5D7C1623CAFA}.Release|Mixed Platforms.Build.0 = Release|Any CPU
		{BE27922C-C8D7-4190-8F24-5D7C1623CAFA}.Release|Win32.ActiveCfg = Release|Any CPU
		{BE27922C-C8D7-4190-8F24-5D7C1623CAFA}.Release|Win32.Build.0 = Release|Any CPU
		{BE27922C-C8D7-4190-8F24-5D7C1623CAFA}.UNIT_TESTS_USAGE_TRACKING|Any CPU.ActiveCfg = Release|Any CPU
		{BE27922C-C8D7-4190-8F24-5D7C1623CAFA}.UNIT_TESTS_USAGE_TRACKING|Any CPU.Build.0 = Release|Any CPU
		{BE27922C-C8D7-4190-8F24-5D7C1623CAFA}.UNIT_TESTS_USAGE_TRACKING|Mixed Platforms.ActiveCfg = Release|Any CPU
		{BE27922C-C8D7-4190-8F24-5D7C1623CAFA}.UNIT_TESTS_USAGE_TRACKING|Mixed Platforms.Build.0 = Release|Any CPU
		{BE27922C-C8D7-4190-8F24-5D7C1623CAFA}.UNIT_TESTS_USAGE_TRACKING|Win32.ActiveCfg = Release|Any CPU
		{DF42BE8F-7488-4805-B440-B5FD748CE91A}.Debug|Any CPU.ActiveCfg = Debug|Any CPU
		{DF42BE8F-7488-4805-B440-B5FD748CE91A}.Debug|Any CPU.Build.0 = Debug|Any CPU
		{DF42BE8F-7488-4805-B440-B5FD748CE91A}.Debug|Mixed Platforms.ActiveCfg = Debug|Any CPU
		{DF42BE8F-7488-4805-B440-B5FD748CE91A}.Debug|Mixed Platforms.Build.0 = Debug|Any CPU
		{DF42BE8F-7488-4805-B440-B5FD748CE91A}.Debug|Win32.ActiveCfg = Debug|Any CPU
		{DF42BE8F-7488-4805-B440-B5FD748CE91A}.Debug|Win32.Build.0 = Debug|Any CPU
		{DF42BE8F-7488-4805-B440-B5FD748CE91A}.Release|Any CPU.ActiveCfg = Release|Any CPU
		{DF42BE8F-7488-4805-B440-B5FD748CE91A}.Release|Any CPU.Build.0 = Release|Any CPU
		{DF42BE8F-7488-4805-B440-B5FD748CE91A}.Release|Mixed Platforms.ActiveCfg = Release|Any CPU
		{DF42BE8F-7488-4805-B440-B5FD748CE91A}.Release|Mixed Platforms.Build.0 = Release|Any CPU
		{DF42BE8F-7488-4805-B440-B5FD748CE91A}.Release|Win32.ActiveCfg = Release|Any CPU
		{DF42BE8F-7488-4805-B440-B5FD748CE91A}.Release|Win32.Build.0 = Release|Any CPU
		{DF42BE8F-7488-4805-B440-B5FD748CE91A}.UNIT_TESTS_USAGE_TRACKING|Any CPU.ActiveCfg = Release|Any CPU
		{DF42BE8F-7488-4805-B440-B5FD748CE91A}.UNIT_TESTS_USAGE_TRACKING|Any CPU.Build.0 = Release|Any CPU
		{DF42BE8F-7488-4805-B440-B5FD748CE91A}.UNIT_TESTS_USAGE_TRACKING|Mixed Platforms.ActiveCfg = Release|Any CPU
		{DF42BE8F-7488-4805-B440-B5FD748CE91A}.UNIT_TESTS_USAGE_TRACKING|Mixed Platforms.Build.0 = Release|Any CPU
		{DF42BE8F-7488-4805-B440-B5FD748CE91A}.UNIT_TESTS_USAGE_TRACKING|Win32.ActiveCfg = Release|Any CPU
		{6863F5CE-F1D3-46A7-915C-DE02D1452EED}.Debug|Any CPU.ActiveCfg = Debug|Any CPU
		{6863F5CE-F1D3-46A7-915C-DE02D1452EED}.Debug|Any CPU.Build.0 = Debug|Any CPU
		{6863F5CE-F1D3-46A7-915C-DE02D1452EED}.Debug|Mixed Platforms.ActiveCfg = Debug|Any CPU
		{6863F5CE-F1D3-46A7-915C-DE02D1452EED}.Debug|Mixed Platforms.Build.0 = Debug|Any CPU
		{6863F5CE-F1D3-46A7-915C-DE02D1452EED}.Debug|Win32.ActiveCfg = Debug|Any CPU
		{6863F5CE-F1D3-46A7-915C-DE02D1452EED}.Debug|Win32.Build.0 = Debug|Any CPU
		{6863F5CE-F1D3-46A7-915C-DE02D1452EED}.Release|Any CPU.ActiveCfg = Release|Any CPU
		{6863F5CE-F1D3-46A7-915C-DE02D1452EED}.Release|Any CPU.Build.0 = Release|Any CPU
		{6863F5CE-F1D3-46A7-915C-DE02D1452EED}.Release|Mixed Platforms.ActiveCfg = Release|Any CPU
		{6863F5CE-F1D3-46A7-915C-DE02D1452EED}.Release|Mixed Platforms.Build.0 = Release|Any CPU
		{6863F5CE-F1D3-46A7-915C-DE02D1452EED}.Release|Win32.ActiveCfg = Release|Any CPU
		{6863F5CE-F1D3-46A7-915C-DE02D1452EED}.Release|Win32.Build.0 = Release|Any CPU
		{6863F5CE-F1D3-46A7-915C-DE02D1452EED}.UNIT_TESTS_USAGE_TRACKING|Any CPU.ActiveCfg = Release|Any CPU
		{6863F5CE-F1D3-46A7-915C-DE02D1452EED}.UNIT_TESTS_USAGE_TRACKING|Any CPU.Build.0 = Release|Any CPU
		{6863F5CE-F1D3-46A7-915C-DE02D1452EED}.UNIT_TESTS_USAGE_TRACKING|Mixed Platforms.ActiveCfg = Release|Any CPU
		{6863F5CE-F1D3-46A7-915C-DE02D1452EED}.UNIT_TESTS_USAGE_TRACKING|Mixed Platforms.Build.0 = Release|Any CPU
		{6863F5CE-F1D3-46A7-915C-DE02D1452EED}.UNIT_TESTS_USAGE_TRACKING|Win32.ActiveCfg = Release|Any CPU
		{FA01A7CF-D56B-4D00-961E-D98AC2186AC9}.Debug|Any CPU.ActiveCfg = Debug|Any CPU
		{FA01A7CF-D56B-4D00-961E-D98AC2186AC9}.Debug|Any CPU.Build.0 = Debug|Any CPU
		{FA01A7CF-D56B-4D00-961E-D98AC2186AC9}.Debug|Mixed Platforms.ActiveCfg = Debug|Any CPU
		{FA01A7CF-D56B-4D00-961E-D98AC2186AC9}.Debug|Mixed Platforms.Build.0 = Debug|Any CPU
		{FA01A7CF-D56B-4D00-961E-D98AC2186AC9}.Debug|Win32.ActiveCfg = Debug|Any CPU
		{FA01A7CF-D56B-4D00-961E-D98AC2186AC9}.Release|Any CPU.ActiveCfg = Release|Any CPU
		{FA01A7CF-D56B-4D00-961E-D98AC2186AC9}.Release|Any CPU.Build.0 = Release|Any CPU
		{FA01A7CF-D56B-4D00-961E-D98AC2186AC9}.Release|Mixed Platforms.ActiveCfg = Release|Any CPU
		{FA01A7CF-D56B-4D00-961E-D98AC2186AC9}.Release|Mixed Platforms.Build.0 = Release|Any CPU
		{FA01A7CF-D56B-4D00-961E-D98AC2186AC9}.Release|Win32.ActiveCfg = Release|Any CPU
		{FA01A7CF-D56B-4D00-961E-D98AC2186AC9}.UNIT_TESTS_USAGE_TRACKING|Any CPU.ActiveCfg = Release|Any CPU
		{FA01A7CF-D56B-4D00-961E-D98AC2186AC9}.UNIT_TESTS_USAGE_TRACKING|Any CPU.Build.0 = Release|Any CPU
		{FA01A7CF-D56B-4D00-961E-D98AC2186AC9}.UNIT_TESTS_USAGE_TRACKING|Mixed Platforms.ActiveCfg = Release|Any CPU
		{FA01A7CF-D56B-4D00-961E-D98AC2186AC9}.UNIT_TESTS_USAGE_TRACKING|Mixed Platforms.Build.0 = Release|Any CPU
		{FA01A7CF-D56B-4D00-961E-D98AC2186AC9}.UNIT_TESTS_USAGE_TRACKING|Win32.ActiveCfg = Release|Any CPU
		{5B86516B-203F-4AEB-82BA-CD54144581FA}.Debug|Any CPU.ActiveCfg = Debug|Any CPU
		{5B86516B-203F-4AEB-82BA-CD54144581FA}.Debug|Any CPU.Build.0 = Debug|Any CPU
		{5B86516B-203F-4AEB-82BA-CD54144581FA}.Debug|Mixed Platforms.ActiveCfg = Debug|Any CPU
		{5B86516B-203F-4AEB-82BA-CD54144581FA}.Debug|Mixed Platforms.Build.0 = Debug|Any CPU
		{5B86516B-203F-4AEB-82BA-CD54144581FA}.Debug|Win32.ActiveCfg = Debug|Any CPU
		{5B86516B-203F-4AEB-82BA-CD54144581FA}.Release|Any CPU.ActiveCfg = Release|Any CPU
		{5B86516B-203F-4AEB-82BA-CD54144581FA}.Release|Any CPU.Build.0 = Release|Any CPU
		{5B86516B-203F-4AEB-82BA-CD54144581FA}.Release|Mixed Platforms.ActiveCfg = Release|Any CPU
		{5B86516B-203F-4AEB-82BA-CD54144581FA}.Release|Mixed Platforms.Build.0 = Release|Any CPU
		{5B86516B-203F-4AEB-82BA-CD54144581FA}.Release|Win32.ActiveCfg = Release|Any CPU
		{5B86516B-203F-4AEB-82BA-CD54144581FA}.UNIT_TESTS_USAGE_TRACKING|Any CPU.ActiveCfg = Release|Any CPU
		{5B86516B-203F-4AEB-82BA-CD54144581FA}.UNIT_TESTS_USAGE_TRACKING|Any CPU.Build.0 = Release|Any CPU
		{5B86516B-203F-4AEB-82BA-CD54144581FA}.UNIT_TESTS_USAGE_TRACKING|Mixed Platforms.ActiveCfg = Release|Any CPU
		{5B86516B-203F-4AEB-82BA-CD54144581FA}.UNIT_TESTS_USAGE_TRACKING|Mixed Platforms.Build.0 = Release|Any CPU
		{5B86516B-203F-4AEB-82BA-CD54144581FA}.UNIT_TESTS_USAGE_TRACKING|Win32.ActiveCfg = Release|Any CPU
		{4E4B60EC-FFB9-49A9-A40F-385FC68D798F}.Debug|Any CPU.ActiveCfg = Debug|Any CPU
		{4E4B60EC-FFB9-49A9-A40F-385FC68D798F}.Debug|Any CPU.Build.0 = Debug|Any CPU
		{4E4B60EC-FFB9-49A9-A40F-385FC68D798F}.Debug|Mixed Platforms.ActiveCfg = Debug|Any CPU
		{4E4B60EC-FFB9-49A9-A40F-385FC68D798F}.Debug|Mixed Platforms.Build.0 = Debug|Any CPU
		{4E4B60EC-FFB9-49A9-A40F-385FC68D798F}.Debug|Win32.ActiveCfg = Debug|Any CPU
		{4E4B60EC-FFB9-49A9-A40F-385FC68D798F}.Release|Any CPU.ActiveCfg = Release|Any CPU
		{4E4B60EC-FFB9-49A9-A40F-385FC68D798F}.Release|Any CPU.Build.0 = Release|Any CPU
		{4E4B60EC-FFB9-49A9-A40F-385FC68D798F}.Release|Mixed Platforms.ActiveCfg = Release|Any CPU
		{4E4B60EC-FFB9-49A9-A40F-385FC68D798F}.Release|Mixed Platforms.Build.0 = Release|Any CPU
		{4E4B60EC-FFB9-49A9-A40F-385FC68D798F}.Release|Win32.ActiveCfg = Release|Any CPU
		{4E4B60EC-FFB9-49A9-A40F-385FC68D798F}.UNIT_TESTS_USAGE_TRACKING|Any CPU.ActiveCfg = Release|Any CPU
		{4E4B60EC-FFB9-49A9-A40F-385FC68D798F}.UNIT_TESTS_USAGE_TRACKING|Any CPU.Build.0 = Release|Any CPU
		{4E4B60EC-FFB9-49A9-A40F-385FC68D798F}.UNIT_TESTS_USAGE_TRACKING|Mixed Platforms.ActiveCfg = Release|Any CPU
		{4E4B60EC-FFB9-49A9-A40F-385FC68D798F}.UNIT_TESTS_USAGE_TRACKING|Mixed Platforms.Build.0 = Release|Any CPU
		{4E4B60EC-FFB9-49A9-A40F-385FC68D798F}.UNIT_TESTS_USAGE_TRACKING|Win32.ActiveCfg = Release|Any CPU
		{2BAF49AA-F872-4CC5-A3B0-4B7555DC3244}.Debug|Any CPU.ActiveCfg = Debug|Any CPU
		{2BAF49AA-F872-4CC5-A3B0-4B7555DC3244}.Debug|Any CPU.Build.0 = Debug|Any CPU
		{2BAF49AA-F872-4CC5-A3B0-4B7555DC3244}.Debug|Mixed Platforms.ActiveCfg = Debug|Any CPU
		{2BAF49AA-F872-4CC5-A3B0-4B7555DC3244}.Debug|Mixed Platforms.Build.0 = Debug|Any CPU
		{2BAF49AA-F872-4CC5-A3B0-4B7555DC3244}.Debug|Win32.ActiveCfg = Debug|Any CPU
		{2BAF49AA-F872-4CC5-A3B0-4B7555DC3244}.Release|Any CPU.ActiveCfg = Release|Any CPU
		{2BAF49AA-F872-4CC5-A3B0-4B7555DC3244}.Release|Any CPU.Build.0 = Release|Any CPU
		{2BAF49AA-F872-4CC5-A3B0-4B7555DC3244}.Release|Mixed Platforms.ActiveCfg = Release|Any CPU
		{2BAF49AA-F872-4CC5-A3B0-4B7555DC3244}.Release|Mixed Platforms.Build.0 = Release|Any CPU
		{2BAF49AA-F872-4CC5-A3B0-4B7555DC3244}.Release|Win32.ActiveCfg = Release|Any CPU
		{2BAF49AA-F872-4CC5-A3B0-4B7555DC3244}.UNIT_TESTS_USAGE_TRACKING|Any CPU.ActiveCfg = Release|Any CPU
		{2BAF49AA-F872-4CC5-A3B0-4B7555DC3244}.UNIT_TESTS_USAGE_TRACKING|Any CPU.Build.0 = Release|Any CPU
		{2BAF49AA-F872-4CC5-A3B0-4B7555DC3244}.UNIT_TESTS_USAGE_TRACKING|Mixed Platforms.ActiveCfg = Release|Any CPU
		{2BAF49AA-F872-4CC5-A3B0-4B7555DC3244}.UNIT_TESTS_USAGE_TRACKING|Mixed Platforms.Build.0 = Release|Any CPU
		{2BAF49AA-F872-4CC5-A3B0-4B7555DC3244}.UNIT_TESTS_USAGE_TRACKING|Win32.ActiveCfg = Release|Any CPU
		{64DD80D0-2B72-46C0-8F6E-382CA1EAFF9D}.Debug|Any CPU.ActiveCfg = Debug|Any CPU
		{64DD80D0-2B72-46C0-8F6E-382CA1EAFF9D}.Debug|Any CPU.Build.0 = Debug|Any CPU
		{64DD80D0-2B72-46C0-8F6E-382CA1EAFF9D}.Debug|Mixed Platforms.ActiveCfg = Debug|Any CPU
		{64DD80D0-2B72-46C0-8F6E-382CA1EAFF9D}.Debug|Mixed Platforms.Build.0 = Debug|Any CPU
		{64DD80D0-2B72-46C0-8F6E-382CA1EAFF9D}.Debug|Win32.ActiveCfg = Debug|Any CPU
		{64DD80D0-2B72-46C0-8F6E-382CA1EAFF9D}.Release|Any CPU.ActiveCfg = Release|Any CPU
		{64DD80D0-2B72-46C0-8F6E-382CA1EAFF9D}.Release|Any CPU.Build.0 = Release|Any CPU
		{64DD80D0-2B72-46C0-8F6E-382CA1EAFF9D}.Release|Mixed Platforms.ActiveCfg = Release|Any CPU
		{64DD80D0-2B72-46C0-8F6E-382CA1EAFF9D}.Release|Mixed Platforms.Build.0 = Release|Any CPU
		{64DD80D0-2B72-46C0-8F6E-382CA1EAFF9D}.Release|Win32.ActiveCfg = Release|Any CPU
		{64DD80D0-2B72-46C0-8F6E-382CA1EAFF9D}.UNIT_TESTS_USAGE_TRACKING|Any CPU.ActiveCfg = Release|Any CPU
		{64DD80D0-2B72-46C0-8F6E-382CA1EAFF9D}.UNIT_TESTS_USAGE_TRACKING|Any CPU.Build.0 = Release|Any CPU
		{64DD80D0-2B72-46C0-8F6E-382CA1EAFF9D}.UNIT_TESTS_USAGE_TRACKING|Mixed Platforms.ActiveCfg = Release|Any CPU
		{64DD80D0-2B72-46C0-8F6E-382CA1EAFF9D}.UNIT_TESTS_USAGE_TRACKING|Mixed Platforms.Build.0 = Release|Any CPU
		{64DD80D0-2B72-46C0-8F6E-382CA1EAFF9D}.UNIT_TESTS_USAGE_TRACKING|Win32.ActiveCfg = Release|Any CPU
		{2C9126D3-5B73-4539-BBC9-D56E6097D335}.Debug|Any CPU.ActiveCfg = Debug|Any CPU
		{2C9126D3-5B73-4539-BBC9-D56E6097D335}.Debug|Any CPU.Build.0 = Debug|Any CPU
		{2C9126D3-5B73-4539-BBC9-D56E6097D335}.Debug|Mixed Platforms.ActiveCfg = Debug|Any CPU
		{2C9126D3-5B73-4539-BBC9-D56E6097D335}.Debug|Mixed Platforms.Build.0 = Debug|Any CPU
		{2C9126D3-5B73-4539-BBC9-D56E6097D335}.Debug|Win32.ActiveCfg = Debug|Any CPU
		{2C9126D3-5B73-4539-BBC9-D56E6097D335}.Release|Any CPU.ActiveCfg = Release|Any CPU
		{2C9126D3-5B73-4539-BBC9-D56E6097D335}.Release|Any CPU.Build.0 = Release|Any CPU
		{2C9126D3-5B73-4539-BBC9-D56E6097D335}.Release|Mixed Platforms.ActiveCfg = Release|Any CPU
		{2C9126D3-5B73-4539-BBC9-D56E6097D335}.Release|Mixed Platforms.Build.0 = Release|Any CPU
		{2C9126D3-5B73-4539-BBC9-D56E6097D335}.Release|Win32.ActiveCfg = Release|Any CPU
		{2C9126D3-5B73-4539-BBC9-D56E6097D335}.UNIT_TESTS_USAGE_TRACKING|Any CPU.ActiveCfg = Release|Any CPU
		{2C9126D3-5B73-4539-BBC9-D56E6097D335}.UNIT_TESTS_USAGE_TRACKING|Any CPU.Build.0 = Release|Any CPU
		{2C9126D3-5B73-4539-BBC9-D56E6097D335}.UNIT_TESTS_USAGE_TRACKING|Mixed Platforms.ActiveCfg = Release|Any CPU
		{2C9126D3-5B73-4539-BBC9-D56E6097D335}.UNIT_TESTS_USAGE_TRACKING|Mixed Platforms.Build.0 = Release|Any CPU
		{2C9126D3-5B73-4539-BBC9-D56E6097D335}.UNIT_TESTS_USAGE_TRACKING|Win32.ActiveCfg = Release|Any CPU
		{2FA5AAD9-E291-47C6-AE35-5B885F2704BF}.Debug|Any CPU.ActiveCfg = Debug|Any CPU
		{2FA5AAD9-E291-47C6-AE35-5B885F2704BF}.Debug|Any CPU.Build.0 = Debug|Any CPU
		{2FA5AAD9-E291-47C6-AE35-5B885F2704BF}.Debug|Mixed Platforms.ActiveCfg = Debug|Any CPU
		{2FA5AAD9-E291-47C6-AE35-5B885F2704BF}.Debug|Mixed Platforms.Build.0 = Debug|Any CPU
		{2FA5AAD9-E291-47C6-AE35-5B885F2704BF}.Debug|Win32.ActiveCfg = Debug|Any CPU
		{2FA5AAD9-E291-47C6-AE35-5B885F2704BF}.Release|Any CPU.ActiveCfg = Release|Any CPU
		{2FA5AAD9-E291-47C6-AE35-5B885F2704BF}.Release|Any CPU.Build.0 = Release|Any CPU
		{2FA5AAD9-E291-47C6-AE35-5B885F2704BF}.Release|Mixed Platforms.ActiveCfg = Release|Any CPU
		{2FA5AAD9-E291-47C6-AE35-5B885F2704BF}.Release|Mixed Platforms.Build.0 = Release|Any CPU
		{2FA5AAD9-E291-47C6-AE35-5B885F2704BF}.Release|Win32.ActiveCfg = Release|Any CPU
		{2FA5AAD9-E291-47C6-AE35-5B885F2704BF}.UNIT_TESTS_USAGE_TRACKING|Any CPU.ActiveCfg = Release|Any CPU
		{2FA5AAD9-E291-47C6-AE35-5B885F2704BF}.UNIT_TESTS_USAGE_TRACKING|Any CPU.Build.0 = Release|Any CPU
		{2FA5AAD9-E291-47C6-AE35-5B885F2704BF}.UNIT_TESTS_USAGE_TRACKING|Mixed Platforms.ActiveCfg = Release|Any CPU
		{2FA5AAD9-E291-47C6-AE35-5B885F2704BF}.UNIT_TESTS_USAGE_TRACKING|Mixed Platforms.Build.0 = Release|Any CPU
		{2FA5AAD9-E291-47C6-AE35-5B885F2704BF}.UNIT_TESTS_USAGE_TRACKING|Win32.ActiveCfg = Release|Any CPU
		{E2F1A5D4-73A4-4BA6-AA5A-87BBDEC727F8}.Debug|Any CPU.ActiveCfg = Debug|Any CPU
		{E2F1A5D4-73A4-4BA6-AA5A-87BBDEC727F8}.Debug|Any CPU.Build.0 = Debug|Any CPU
		{E2F1A5D4-73A4-4BA6-AA5A-87BBDEC727F8}.Debug|Mixed Platforms.ActiveCfg = Debug|Any CPU
		{E2F1A5D4-73A4-4BA6-AA5A-87BBDEC727F8}.Debug|Mixed Platforms.Build.0 = Debug|Any CPU
		{E2F1A5D4-73A4-4BA6-AA5A-87BBDEC727F8}.Debug|Win32.ActiveCfg = Debug|Any CPU
		{E2F1A5D4-73A4-4BA6-AA5A-87BBDEC727F8}.Release|Any CPU.ActiveCfg = Release|Any CPU
		{E2F1A5D4-73A4-4BA6-AA5A-87BBDEC727F8}.Release|Any CPU.Build.0 = Release|Any CPU
		{E2F1A5D4-73A4-4BA6-AA5A-87BBDEC727F8}.Release|Mixed Platforms.ActiveCfg = Release|Any CPU
		{E2F1A5D4-73A4-4BA6-AA5A-87BBDEC727F8}.Release|Mixed Platforms.Build.0 = Release|Any CPU
		{E2F1A5D4-73A4-4BA6-AA5A-87BBDEC727F8}.Release|Win32.ActiveCfg = Release|Any CPU
		{E2F1A5D4-73A4-4BA6-AA5A-87BBDEC727F8}.UNIT_TESTS_USAGE_TRACKING|Any CPU.ActiveCfg = Release|Any CPU
		{E2F1A5D4-73A4-4BA6-AA5A-87BBDEC727F8}.UNIT_TESTS_USAGE_TRACKING|Any CPU.Build.0 = Release|Any CPU
		{E2F1A5D4-73A4-4BA6-AA5A-87BBDEC727F8}.UNIT_TESTS_USAGE_TRACKING|Mixed Platforms.ActiveCfg = Release|Any CPU
		{E2F1A5D4-73A4-4BA6-AA5A-87BBDEC727F8}.UNIT_TESTS_USAGE_TRACKING|Mixed Platforms.Build.0 = Release|Any CPU
		{E2F1A5D4-73A4-4BA6-AA5A-87BBDEC727F8}.UNIT_TESTS_USAGE_TRACKING|Win32.ActiveCfg = Release|Any CPU
		{D8B59C0F-A097-4D7D-A488-0188100AF8E2}.Debug|Any CPU.ActiveCfg = Debug|Any CPU
		{D8B59C0F-A097-4D7D-A488-0188100AF8E2}.Debug|Any CPU.Build.0 = Debug|Any CPU
		{D8B59C0F-A097-4D7D-A488-0188100AF8E2}.Debug|Mixed Platforms.ActiveCfg = Debug|Any CPU
		{D8B59C0F-A097-4D7D-A488-0188100AF8E2}.Debug|Mixed Platforms.Build.0 = Debug|Any CPU
		{D8B59C0F-A097-4D7D-A488-0188100AF8E2}.Debug|Win32.ActiveCfg = Debug|Any CPU
		{D8B59C0F-A097-4D7D-A488-0188100AF8E2}.Release|Any CPU.ActiveCfg = Release|Any CPU
		{D8B59C0F-A097-4D7D-A488-0188100AF8E2}.Release|Any CPU.Build.0 = Release|Any CPU
		{D8B59C0F-A097-4D7D-A488-0188100AF8E2}.Release|Mixed Platforms.ActiveCfg = Release|Any CPU
		{D8B59C0F-A097-4D7D-A488-0188100AF8E2}.Release|Mixed Platforms.Build.0 = Release|Any CPU
		{D8B59C0F-A097-4D7D-A488-0188100AF8E2}.Release|Win32.ActiveCfg = Release|Any CPU
		{D8B59C0F-A097-4D7D-A488-0188100AF8E2}.UNIT_TESTS_USAGE_TRACKING|Any CPU.ActiveCfg = Release|Any CPU
		{D8B59C0F-A097-4D7D-A488-0188100AF8E2}.UNIT_TESTS_USAGE_TRACKING|Any CPU.Build.0 = Release|Any CPU
		{D8B59C0F-A097-4D7D-A488-0188100AF8E2}.UNIT_TESTS_USAGE_TRACKING|Mixed Platforms.ActiveCfg = Release|Any CPU
		{D8B59C0F-A097-4D7D-A488-0188100AF8E2}.UNIT_TESTS_USAGE_TRACKING|Mixed Platforms.Build.0 = Release|Any CPU
		{D8B59C0F-A097-4D7D-A488-0188100AF8E2}.UNIT_TESTS_USAGE_TRACKING|Win32.ActiveCfg = Release|Any CPU
		{83BA7538-8DC6-4190-993A-7A4A27D43DBB}.Debug|Any CPU.ActiveCfg = Debug|Any CPU
		{83BA7538-8DC6-4190-993A-7A4A27D43DBB}.Debug|Any CPU.Build.0 = Debug|Any CPU
		{83BA7538-8DC6-4190-993A-7A4A27D43DBB}.Debug|Mixed Platforms.ActiveCfg = Debug|Any CPU
		{83BA7538-8DC6-4190-993A-7A4A27D43DBB}.Debug|Mixed Platforms.Build.0 = Debug|Any CPU
		{83BA7538-8DC6-4190-993A-7A4A27D43DBB}.Debug|Win32.ActiveCfg = Debug|Any CPU
		{83BA7538-8DC6-4190-993A-7A4A27D43DBB}.Release|Any CPU.ActiveCfg = Release|Any CPU
		{83BA7538-8DC6-4190-993A-7A4A27D43DBB}.Release|Any CPU.Build.0 = Release|Any CPU
		{83BA7538-8DC6-4190-993A-7A4A27D43DBB}.Release|Mixed Platforms.ActiveCfg = Release|Any CPU
		{83BA7538-8DC6-4190-993A-7A4A27D43DBB}.Release|Mixed Platforms.Build.0 = Release|Any CPU
		{83BA7538-8DC6-4190-993A-7A4A27D43DBB}.Release|Win32.ActiveCfg = Release|Any CPU
		{83BA7538-8DC6-4190-993A-7A4A27D43DBB}.UNIT_TESTS_USAGE_TRACKING|Any CPU.ActiveCfg = Release|Any CPU
		{83BA7538-8DC6-4190-993A-7A4A27D43DBB}.UNIT_TESTS_USAGE_TRACKING|Any CPU.Build.0 = Release|Any CPU
		{83BA7538-8DC6-4190-993A-7A4A27D43DBB}.UNIT_TESTS_USAGE_TRACKING|Mixed Platforms.ActiveCfg = Release|Any CPU
		{83BA7538-8DC6-4190-993A-7A4A27D43DBB}.UNIT_TESTS_USAGE_TRACKING|Mixed Platforms.Build.0 = Release|Any CPU
		{83BA7538-8DC6-4190-993A-7A4A27D43DBB}.UNIT_TESTS_USAGE_TRACKING|Win32.ActiveCfg = Release|Any CPU
		{9E0CCF98-03DA-46EE-8E6B-3092F80EE9AF}.Debug|Any CPU.ActiveCfg = Debug|Any CPU
		{9E0CCF98-03DA-46EE-8E6B-3092F80EE9AF}.Debug|Any CPU.Build.0 = Debug|Any CPU
		{9E0CCF98-03DA-46EE-8E6B-3092F80EE9AF}.Debug|Mixed Platforms.ActiveCfg = Debug|Any CPU
		{9E0CCF98-03DA-46EE-8E6B-3092F80EE9AF}.Debug|Mixed Platforms.Build.0 = Debug|Any CPU
		{9E0CCF98-03DA-46EE-8E6B-3092F80EE9AF}.Debug|Win32.ActiveCfg = Debug|Any CPU
		{9E0CCF98-03DA-46EE-8E6B-3092F80EE9AF}.Release|Any CPU.ActiveCfg = Release|Any CPU
		{9E0CCF98-03DA-46EE-8E6B-3092F80EE9AF}.Release|Any CPU.Build.0 = Release|Any CPU
		{9E0CCF98-03DA-46EE-8E6B-3092F80EE9AF}.Release|Mixed Platforms.ActiveCfg = Release|Any CPU
		{9E0CCF98-03DA-46EE-8E6B-3092F80EE9AF}.Release|Mixed Platforms.Build.0 = Release|Any CPU
		{9E0CCF98-03DA-46EE-8E6B-3092F80EE9AF}.Release|Win32.ActiveCfg = Release|Any CPU
		{9E0CCF98-03DA-46EE-8E6B-3092F80EE9AF}.UNIT_TESTS_USAGE_TRACKING|Any CPU.ActiveCfg = Release|Any CPU
		{9E0CCF98-03DA-46EE-8E6B-3092F80EE9AF}.UNIT_TESTS_USAGE_TRACKING|Any CPU.Build.0 = Release|Any CPU
		{9E0CCF98-03DA-46EE-8E6B-3092F80EE9AF}.UNIT_TESTS_USAGE_TRACKING|Mixed Platforms.ActiveCfg = Release|Any CPU
		{9E0CCF98-03DA-46EE-8E6B-3092F80EE9AF}.UNIT_TESTS_USAGE_TRACKING|Mixed Platforms.Build.0 = Release|Any CPU
		{9E0CCF98-03DA-46EE-8E6B-3092F80EE9AF}.UNIT_TESTS_USAGE_TRACKING|Win32.ActiveCfg = Release|Any CPU
		{22444EF5-740E-41C2-B6DD-0029BD616338}.Debug|Any CPU.ActiveCfg = Debug|Any CPU
		{22444EF5-740E-41C2-B6DD-0029BD616338}.Debug|Any CPU.Build.0 = Debug|Any CPU
		{22444EF5-740E-41C2-B6DD-0029BD616338}.Debug|Mixed Platforms.ActiveCfg = Debug|Any CPU
		{22444EF5-740E-41C2-B6DD-0029BD616338}.Debug|Mixed Platforms.Build.0 = Debug|Any CPU
		{22444EF5-740E-41C2-B6DD-0029BD616338}.Debug|Win32.ActiveCfg = Debug|Any CPU
		{22444EF5-740E-41C2-B6DD-0029BD616338}.Release|Any CPU.ActiveCfg = Release|Any CPU
		{22444EF5-740E-41C2-B6DD-0029BD616338}.Release|Any CPU.Build.0 = Release|Any CPU
		{22444EF5-740E-41C2-B6DD-0029BD616338}.Release|Mixed Platforms.ActiveCfg = Release|Any CPU
		{22444EF5-740E-41C2-B6DD-0029BD616338}.Release|Mixed Platforms.Build.0 = Release|Any CPU
		{22444EF5-740E-41C2-B6DD-0029BD616338}.Release|Win32.ActiveCfg = Release|Any CPU
		{22444EF5-740E-41C2-B6DD-0029BD616338}.UNIT_TESTS_USAGE_TRACKING|Any CPU.ActiveCfg = Release|Any CPU
		{22444EF5-740E-41C2-B6DD-0029BD616338}.UNIT_TESTS_USAGE_TRACKING|Any CPU.Build.0 = Release|Any CPU
		{22444EF5-740E-41C2-B6DD-0029BD616338}.UNIT_TESTS_USAGE_TRACKING|Mixed Platforms.ActiveCfg = Release|Any CPU
		{22444EF5-740E-41C2-B6DD-0029BD616338}.UNIT_TESTS_USAGE_TRACKING|Mixed Platforms.Build.0 = Release|Any CPU
		{22444EF5-740E-41C2-B6DD-0029BD616338}.UNIT_TESTS_USAGE_TRACKING|Win32.ActiveCfg = Release|Any CPU
		{5D69BA72-CD43-4A52-A599-A33D85F53431}.Debug|Any CPU.ActiveCfg = Debug|Any CPU
		{5D69BA72-CD43-4A52-A599-A33D85F53431}.Debug|Any CPU.Build.0 = Debug|Any CPU
		{5D69BA72-CD43-4A52-A599-A33D85F53431}.Debug|Mixed Platforms.ActiveCfg = Debug|Any CPU
		{5D69BA72-CD43-4A52-A599-A33D85F53431}.Debug|Mixed Platforms.Build.0 = Debug|Any CPU
		{5D69BA72-CD43-4A52-A599-A33D85F53431}.Debug|Win32.ActiveCfg = Debug|Any CPU
		{5D69BA72-CD43-4A52-A599-A33D85F53431}.Release|Any CPU.ActiveCfg = Release|Any CPU
		{5D69BA72-CD43-4A52-A599-A33D85F53431}.Release|Any CPU.Build.0 = Release|Any CPU
		{5D69BA72-CD43-4A52-A599-A33D85F53431}.Release|Mixed Platforms.ActiveCfg = Release|Any CPU
		{5D69BA72-CD43-4A52-A599-A33D85F53431}.Release|Mixed Platforms.Build.0 = Release|Any CPU
		{5D69BA72-CD43-4A52-A599-A33D85F53431}.Release|Win32.ActiveCfg = Release|Any CPU
		{5D69BA72-CD43-4A52-A599-A33D85F53431}.UNIT_TESTS_USAGE_TRACKING|Any CPU.ActiveCfg = Release|Any CPU
		{5D69BA72-CD43-4A52-A599-A33D85F53431}.UNIT_TESTS_USAGE_TRACKING|Any CPU.Build.0 = Release|Any CPU
		{5D69BA72-CD43-4A52-A599-A33D85F53431}.UNIT_TESTS_USAGE_TRACKING|Mixed Platforms.ActiveCfg = Release|Any CPU
		{5D69BA72-CD43-4A52-A599-A33D85F53431}.UNIT_TESTS_USAGE_TRACKING|Mixed Platforms.Build.0 = Release|Any CPU
		{5D69BA72-CD43-4A52-A599-A33D85F53431}.UNIT_TESTS_USAGE_TRACKING|Win32.ActiveCfg = Release|Any CPU
		{85100D3E-471C-47C9-9687-ABF25F617ED7}.Debug|Any CPU.ActiveCfg = Debug|Any CPU
		{85100D3E-471C-47C9-9687-ABF25F617ED7}.Debug|Any CPU.Build.0 = Debug|Any CPU
		{85100D3E-471C-47C9-9687-ABF25F617ED7}.Debug|Mixed Platforms.ActiveCfg = Debug|Any CPU
		{85100D3E-471C-47C9-9687-ABF25F617ED7}.Debug|Mixed Platforms.Build.0 = Debug|Any CPU
		{85100D3E-471C-47C9-9687-ABF25F617ED7}.Debug|Win32.ActiveCfg = Debug|Any CPU
		{85100D3E-471C-47C9-9687-ABF25F617ED7}.Release|Any CPU.ActiveCfg = Release|Any CPU
		{85100D3E-471C-47C9-9687-ABF25F617ED7}.Release|Any CPU.Build.0 = Release|Any CPU
		{85100D3E-471C-47C9-9687-ABF25F617ED7}.Release|Mixed Platforms.ActiveCfg = Release|Any CPU
		{85100D3E-471C-47C9-9687-ABF25F617ED7}.Release|Mixed Platforms.Build.0 = Release|Any CPU
		{85100D3E-471C-47C9-9687-ABF25F617ED7}.Release|Win32.ActiveCfg = Release|Any CPU
		{85100D3E-471C-47C9-9687-ABF25F617ED7}.UNIT_TESTS_USAGE_TRACKING|Any CPU.ActiveCfg = Release|Any CPU
		{85100D3E-471C-47C9-9687-ABF25F617ED7}.UNIT_TESTS_USAGE_TRACKING|Any CPU.Build.0 = Release|Any CPU
		{85100D3E-471C-47C9-9687-ABF25F617ED7}.UNIT_TESTS_USAGE_TRACKING|Mixed Platforms.ActiveCfg = Release|Any CPU
		{85100D3E-471C-47C9-9687-ABF25F617ED7}.UNIT_TESTS_USAGE_TRACKING|Mixed Platforms.Build.0 = Release|Any CPU
		{85100D3E-471C-47C9-9687-ABF25F617ED7}.UNIT_TESTS_USAGE_TRACKING|Win32.ActiveCfg = Release|Any CPU
		{FEFD73C5-8541-47D2-BBDB-FF61DEA28291}.Debug|Any CPU.ActiveCfg = Debug|Any CPU
		{FEFD73C5-8541-47D2-BBDB-FF61DEA28291}.Debug|Any CPU.Build.0 = Debug|Any CPU
		{FEFD73C5-8541-47D2-BBDB-FF61DEA28291}.Debug|Mixed Platforms.ActiveCfg = Debug|Any CPU
		{FEFD73C5-8541-47D2-BBDB-FF61DEA28291}.Debug|Mixed Platforms.Build.0 = Debug|Any CPU
		{FEFD73C5-8541-47D2-BBDB-FF61DEA28291}.Debug|Win32.ActiveCfg = Debug|Any CPU
		{FEFD73C5-8541-47D2-BBDB-FF61DEA28291}.Release|Any CPU.ActiveCfg = Release|Any CPU
		{FEFD73C5-8541-47D2-BBDB-FF61DEA28291}.Release|Any CPU.Build.0 = Release|Any CPU
		{FEFD73C5-8541-47D2-BBDB-FF61DEA28291}.Release|Mixed Platforms.ActiveCfg = Release|Any CPU
		{FEFD73C5-8541-47D2-BBDB-FF61DEA28291}.Release|Mixed Platforms.Build.0 = Release|Any CPU
		{FEFD73C5-8541-47D2-BBDB-FF61DEA28291}.Release|Win32.ActiveCfg = Release|Any CPU
		{FEFD73C5-8541-47D2-BBDB-FF61DEA28291}.UNIT_TESTS_USAGE_TRACKING|Any CPU.ActiveCfg = Release|Any CPU
		{FEFD73C5-8541-47D2-BBDB-FF61DEA28291}.UNIT_TESTS_USAGE_TRACKING|Any CPU.Build.0 = Release|Any CPU
		{FEFD73C5-8541-47D2-BBDB-FF61DEA28291}.UNIT_TESTS_USAGE_TRACKING|Mixed Platforms.ActiveCfg = Release|Any CPU
		{FEFD73C5-8541-47D2-BBDB-FF61DEA28291}.UNIT_TESTS_USAGE_TRACKING|Mixed Platforms.Build.0 = Release|Any CPU
		{FEFD73C5-8541-47D2-BBDB-FF61DEA28291}.UNIT_TESTS_USAGE_TRACKING|Win32.ActiveCfg = Release|Any CPU
		{26E9A01A-64B5-42C5-8252-FBB30DF9CEC7}.Debug|Any CPU.ActiveCfg = Debug|Any CPU
		{26E9A01A-64B5-42C5-8252-FBB30DF9CEC7}.Debug|Any CPU.Build.0 = Debug|Any CPU
		{26E9A01A-64B5-42C5-8252-FBB30DF9CEC7}.Debug|Mixed Platforms.ActiveCfg = Debug|Any CPU
		{26E9A01A-64B5-42C5-8252-FBB30DF9CEC7}.Debug|Mixed Platforms.Build.0 = Debug|Any CPU
		{26E9A01A-64B5-42C5-8252-FBB30DF9CEC7}.Debug|Win32.ActiveCfg = Debug|Any CPU
		{26E9A01A-64B5-42C5-8252-FBB30DF9CEC7}.Release|Any CPU.ActiveCfg = Release|Any CPU
		{26E9A01A-64B5-42C5-8252-FBB30DF9CEC7}.Release|Any CPU.Build.0 = Release|Any CPU
		{26E9A01A-64B5-42C5-8252-FBB30DF9CEC7}.Release|Mixed Platforms.ActiveCfg = Release|Any CPU
		{26E9A01A-64B5-42C5-8252-FBB30DF9CEC7}.Release|Mixed Platforms.Build.0 = Release|Any CPU
		{26E9A01A-64B5-42C5-8252-FBB30DF9CEC7}.Release|Win32.ActiveCfg = Release|Any CPU
		{26E9A01A-64B5-42C5-8252-FBB30DF9CEC7}.UNIT_TESTS_USAGE_TRACKING|Any CPU.ActiveCfg = Release|Any CPU
		{26E9A01A-64B5-42C5-8252-FBB30DF9CEC7}.UNIT_TESTS_USAGE_TRACKING|Any CPU.Build.0 = Release|Any CPU
		{26E9A01A-64B5-42C5-8252-FBB30DF9CEC7}.UNIT_TESTS_USAGE_TRACKING|Mixed Platforms.ActiveCfg = Release|Any CPU
		{26E9A01A-64B5-42C5-8252-FBB30DF9CEC7}.UNIT_TESTS_USAGE_TRACKING|Mixed Platforms.Build.0 = Release|Any CPU
		{26E9A01A-64B5-42C5-8252-FBB30DF9CEC7}.UNIT_TESTS_USAGE_TRACKING|Win32.ActiveCfg = Release|Any CPU
		{A7C78084-947E-4955-9473-9F186B760AEC}.Debug|Any CPU.ActiveCfg = Debug|Any CPU
		{A7C78084-947E-4955-9473-9F186B760AEC}.Debug|Any CPU.Build.0 = Debug|Any CPU
		{A7C78084-947E-4955-9473-9F186B760AEC}.Debug|Mixed Platforms.ActiveCfg = Debug|Any CPU
		{A7C78084-947E-4955-9473-9F186B760AEC}.Debug|Mixed Platforms.Build.0 = Debug|Any CPU
		{A7C78084-947E-4955-9473-9F186B760AEC}.Debug|Win32.ActiveCfg = Debug|Any CPU
		{A7C78084-947E-4955-9473-9F186B760AEC}.Release|Any CPU.ActiveCfg = Release|Any CPU
		{A7C78084-947E-4955-9473-9F186B760AEC}.Release|Any CPU.Build.0 = Release|Any CPU
		{A7C78084-947E-4955-9473-9F186B760AEC}.Release|Mixed Platforms.ActiveCfg = Release|Any CPU
		{A7C78084-947E-4955-9473-9F186B760AEC}.Release|Mixed Platforms.Build.0 = Release|Any CPU
		{A7C78084-947E-4955-9473-9F186B760AEC}.Release|Win32.ActiveCfg = Release|Any CPU
		{A7C78084-947E-4955-9473-9F186B760AEC}.UNIT_TESTS_USAGE_TRACKING|Any CPU.ActiveCfg = Release|Any CPU
		{A7C78084-947E-4955-9473-9F186B760AEC}.UNIT_TESTS_USAGE_TRACKING|Any CPU.Build.0 = Release|Any CPU
		{A7C78084-947E-4955-9473-9F186B760AEC}.UNIT_TESTS_USAGE_TRACKING|Mixed Platforms.ActiveCfg = Release|Any CPU
		{A7C78084-947E-4955-9473-9F186B760AEC}.UNIT_TESTS_USAGE_TRACKING|Mixed Platforms.Build.0 = Release|Any CPU
		{A7C78084-947E-4955-9473-9F186B760AEC}.UNIT_TESTS_USAGE_TRACKING|Win32.ActiveCfg = Release|Any CPU
		{89DF567B-A0D1-456A-A28F-043FD57D7F9A}.Debug|Any CPU.ActiveCfg = Debug|Any CPU
		{89DF567B-A0D1-456A-A28F-043FD57D7F9A}.Debug|Any CPU.Build.0 = Debug|Any CPU
		{89DF567B-A0D1-456A-A28F-043FD57D7F9A}.Debug|Mixed Platforms.ActiveCfg = Debug|Any CPU
		{89DF567B-A0D1-456A-A28F-043FD57D7F9A}.Debug|Mixed Platforms.Build.0 = Debug|Any CPU
		{89DF567B-A0D1-456A-A28F-043FD57D7F9A}.Debug|Win32.ActiveCfg = Debug|Any CPU
		{89DF567B-A0D1-456A-A28F-043FD57D7F9A}.Release|Any CPU.ActiveCfg = Release|Any CPU
		{89DF567B-A0D1-456A-A28F-043FD57D7F9A}.Release|Any CPU.Build.0 = Release|Any CPU
		{89DF567B-A0D1-456A-A28F-043FD57D7F9A}.Release|Mixed Platforms.ActiveCfg = Release|Any CPU
		{89DF567B-A0D1-456A-A28F-043FD57D7F9A}.Release|Mixed Platforms.Build.0 = Release|Any CPU
		{89DF567B-A0D1-456A-A28F-043FD57D7F9A}.Release|Win32.ActiveCfg = Release|Any CPU
		{89DF567B-A0D1-456A-A28F-043FD57D7F9A}.UNIT_TESTS_USAGE_TRACKING|Any CPU.ActiveCfg = Release|Any CPU
		{89DF567B-A0D1-456A-A28F-043FD57D7F9A}.UNIT_TESTS_USAGE_TRACKING|Any CPU.Build.0 = Release|Any CPU
		{89DF567B-A0D1-456A-A28F-043FD57D7F9A}.UNIT_TESTS_USAGE_TRACKING|Mixed Platforms.ActiveCfg = Release|Any CPU
		{89DF567B-A0D1-456A-A28F-043FD57D7F9A}.UNIT_TESTS_USAGE_TRACKING|Mixed Platforms.Build.0 = Release|Any CPU
		{89DF567B-A0D1-456A-A28F-043FD57D7F9A}.UNIT_TESTS_USAGE_TRACKING|Win32.ActiveCfg = Release|Any CPU
		{EA38C1F1-C4BD-4ED7-9B60-C95DF22D6A72}.Debug|Any CPU.ActiveCfg = Debug|Any CPU
		{EA38C1F1-C4BD-4ED7-9B60-C95DF22D6A72}.Debug|Any CPU.Build.0 = Debug|Any CPU
		{EA38C1F1-C4BD-4ED7-9B60-C95DF22D6A72}.Debug|Mixed Platforms.ActiveCfg = Debug|Any CPU
		{EA38C1F1-C4BD-4ED7-9B60-C95DF22D6A72}.Debug|Mixed Platforms.Build.0 = Debug|Any CPU
		{EA38C1F1-C4BD-4ED7-9B60-C95DF22D6A72}.Debug|Win32.ActiveCfg = Debug|Any CPU
		{EA38C1F1-C4BD-4ED7-9B60-C95DF22D6A72}.Release|Any CPU.ActiveCfg = Release|Any CPU
		{EA38C1F1-C4BD-4ED7-9B60-C95DF22D6A72}.Release|Any CPU.Build.0 = Release|Any CPU
		{EA38C1F1-C4BD-4ED7-9B60-C95DF22D6A72}.Release|Mixed Platforms.ActiveCfg = Release|Any CPU
		{EA38C1F1-C4BD-4ED7-9B60-C95DF22D6A72}.Release|Mixed Platforms.Build.0 = Release|Any CPU
		{EA38C1F1-C4BD-4ED7-9B60-C95DF22D6A72}.Release|Win32.ActiveCfg = Release|Any CPU
		{EA38C1F1-C4BD-4ED7-9B60-C95DF22D6A72}.UNIT_TESTS_USAGE_TRACKING|Any CPU.ActiveCfg = Release|Any CPU
		{EA38C1F1-C4BD-4ED7-9B60-C95DF22D6A72}.UNIT_TESTS_USAGE_TRACKING|Any CPU.Build.0 = Release|Any CPU
		{EA38C1F1-C4BD-4ED7-9B60-C95DF22D6A72}.UNIT_TESTS_USAGE_TRACKING|Mixed Platforms.ActiveCfg = Release|Any CPU
		{EA38C1F1-C4BD-4ED7-9B60-C95DF22D6A72}.UNIT_TESTS_USAGE_TRACKING|Mixed Platforms.Build.0 = Release|Any CPU
		{EA38C1F1-C4BD-4ED7-9B60-C95DF22D6A72}.UNIT_TESTS_USAGE_TRACKING|Win32.ActiveCfg = Release|Any CPU
		{4454D96D-8E43-44CB-987B-FCAFCD98BCC0}.Debug|Any CPU.ActiveCfg = Debug|Any CPU
		{4454D96D-8E43-44CB-987B-FCAFCD98BCC0}.Debug|Any CPU.Build.0 = Debug|Any CPU
		{4454D96D-8E43-44CB-987B-FCAFCD98BCC0}.Debug|Mixed Platforms.ActiveCfg = Debug|Any CPU
		{4454D96D-8E43-44CB-987B-FCAFCD98BCC0}.Debug|Mixed Platforms.Build.0 = Debug|Any CPU
		{4454D96D-8E43-44CB-987B-FCAFCD98BCC0}.Debug|Win32.ActiveCfg = Debug|Any CPU
		{4454D96D-8E43-44CB-987B-FCAFCD98BCC0}.Release|Any CPU.ActiveCfg = Release|Any CPU
		{4454D96D-8E43-44CB-987B-FCAFCD98BCC0}.Release|Any CPU.Build.0 = Release|Any CPU
		{4454D96D-8E43-44CB-987B-FCAFCD98BCC0}.Release|Mixed Platforms.ActiveCfg = Release|Any CPU
		{4454D96D-8E43-44CB-987B-FCAFCD98BCC0}.Release|Mixed Platforms.Build.0 = Release|Any CPU
		{4454D96D-8E43-44CB-987B-FCAFCD98BCC0}.Release|Win32.ActiveCfg = Release|Any CPU
		{4454D96D-8E43-44CB-987B-FCAFCD98BCC0}.UNIT_TESTS_USAGE_TRACKING|Any CPU.ActiveCfg = Release|Any CPU
		{4454D96D-8E43-44CB-987B-FCAFCD98BCC0}.UNIT_TESTS_USAGE_TRACKING|Any CPU.Build.0 = Release|Any CPU
		{4454D96D-8E43-44CB-987B-FCAFCD98BCC0}.UNIT_TESTS_USAGE_TRACKING|Mixed Platforms.ActiveCfg = Release|Any CPU
		{4454D96D-8E43-44CB-987B-FCAFCD98BCC0}.UNIT_TESTS_USAGE_TRACKING|Mixed Platforms.Build.0 = Release|Any CPU
		{4454D96D-8E43-44CB-987B-FCAFCD98BCC0}.UNIT_TESTS_USAGE_TRACKING|Win32.ActiveCfg = Release|Any CPU
		{7F89848A-B05C-4FF5-93D4-9B59A1A36F5E}.Debug|Any CPU.ActiveCfg = Debug|Any CPU
		{7F89848A-B05C-4FF5-93D4-9B59A1A36F5E}.Debug|Any CPU.Build.0 = Debug|Any CPU
		{7F89848A-B05C-4FF5-93D4-9B59A1A36F5E}.Debug|Mixed Platforms.ActiveCfg = Debug|Any CPU
		{7F89848A-B05C-4FF5-93D4-9B59A1A36F5E}.Debug|Mixed Platforms.Build.0 = Debug|Any CPU
		{7F89848A-B05C-4FF5-93D4-9B59A1A36F5E}.Debug|Win32.ActiveCfg = Debug|Any CPU
		{7F89848A-B05C-4FF5-93D4-9B59A1A36F5E}.Release|Any CPU.ActiveCfg = Release|Any CPU
		{7F89848A-B05C-4FF5-93D4-9B59A1A36F5E}.Release|Any CPU.Build.0 = Release|Any CPU
		{7F89848A-B05C-4FF5-93D4-9B59A1A36F5E}.Release|Mixed Platforms.ActiveCfg = Release|Any CPU
		{7F89848A-B05C-4FF5-93D4-9B59A1A36F5E}.Release|Mixed Platforms.Build.0 = Release|Any CPU
		{7F89848A-B05C-4FF5-93D4-9B59A1A36F5E}.Release|Win32.ActiveCfg = Release|Any CPU
		{7F89848A-B05C-4FF5-93D4-9B59A1A36F5E}.UNIT_TESTS_USAGE_TRACKING|Any CPU.ActiveCfg = Release|Any CPU
		{7F89848A-B05C-4FF5-93D4-9B59A1A36F5E}.UNIT_TESTS_USAGE_TRACKING|Any CPU.Build.0 = Release|Any CPU
		{7F89848A-B05C-4FF5-93D4-9B59A1A36F5E}.UNIT_TESTS_USAGE_TRACKING|Mixed Platforms.ActiveCfg = Release|Any CPU
		{7F89848A-B05C-4FF5-93D4-9B59A1A36F5E}.UNIT_TESTS_USAGE_TRACKING|Mixed Platforms.Build.0 = Release|Any CPU
		{7F89848A-B05C-4FF5-93D4-9B59A1A36F5E}.UNIT_TESTS_USAGE_TRACKING|Win32.ActiveCfg = Release|Any CPU
		{76E7A94E-5DCB-4B12-8D9E-7BD5084CE073}.Debug|Any CPU.ActiveCfg = Debug|Any CPU
		{76E7A94E-5DCB-4B12-8D9E-7BD5084CE073}.Debug|Any CPU.Build.0 = Debug|Any CPU
		{76E7A94E-5DCB-4B12-8D9E-7BD5084CE073}.Debug|Mixed Platforms.ActiveCfg = Debug|Any CPU
		{76E7A94E-5DCB-4B12-8D9E-7BD5084CE073}.Debug|Mixed Platforms.Build.0 = Debug|Any CPU
		{76E7A94E-5DCB-4B12-8D9E-7BD5084CE073}.Debug|Win32.ActiveCfg = Debug|Any CPU
		{76E7A94E-5DCB-4B12-8D9E-7BD5084CE073}.Release|Any CPU.ActiveCfg = Release|Any CPU
		{76E7A94E-5DCB-4B12-8D9E-7BD5084CE073}.Release|Any CPU.Build.0 = Release|Any CPU
		{76E7A94E-5DCB-4B12-8D9E-7BD5084CE073}.Release|Mixed Platforms.ActiveCfg = Release|Any CPU
		{76E7A94E-5DCB-4B12-8D9E-7BD5084CE073}.Release|Mixed Platforms.Build.0 = Release|Any CPU
		{76E7A94E-5DCB-4B12-8D9E-7BD5084CE073}.Release|Win32.ActiveCfg = Release|Any CPU
		{76E7A94E-5DCB-4B12-8D9E-7BD5084CE073}.UNIT_TESTS_USAGE_TRACKING|Any CPU.ActiveCfg = Release|Any CPU
		{76E7A94E-5DCB-4B12-8D9E-7BD5084CE073}.UNIT_TESTS_USAGE_TRACKING|Any CPU.Build.0 = Release|Any CPU
		{76E7A94E-5DCB-4B12-8D9E-7BD5084CE073}.UNIT_TESTS_USAGE_TRACKING|Mixed Platforms.ActiveCfg = Release|Any CPU
		{76E7A94E-5DCB-4B12-8D9E-7BD5084CE073}.UNIT_TESTS_USAGE_TRACKING|Mixed Platforms.Build.0 = Release|Any CPU
		{76E7A94E-5DCB-4B12-8D9E-7BD5084CE073}.UNIT_TESTS_USAGE_TRACKING|Win32.ActiveCfg = Release|Any CPU
		{9AF0770C-7E9F-483F-8429-D7894F06EB6C}.Debug|Any CPU.ActiveCfg = Debug|Any CPU
		{9AF0770C-7E9F-483F-8429-D7894F06EB6C}.Debug|Any CPU.Build.0 = Debug|Any CPU
		{9AF0770C-7E9F-483F-8429-D7894F06EB6C}.Debug|Mixed Platforms.ActiveCfg = Debug|Any CPU
		{9AF0770C-7E9F-483F-8429-D7894F06EB6C}.Debug|Mixed Platforms.Build.0 = Debug|Any CPU
		{9AF0770C-7E9F-483F-8429-D7894F06EB6C}.Debug|Win32.ActiveCfg = Debug|Any CPU
		{9AF0770C-7E9F-483F-8429-D7894F06EB6C}.Release|Any CPU.ActiveCfg = Release|Any CPU
		{9AF0770C-7E9F-483F-8429-D7894F06EB6C}.Release|Any CPU.Build.0 = Release|Any CPU
		{9AF0770C-7E9F-483F-8429-D7894F06EB6C}.Release|Mixed Platforms.ActiveCfg = Release|Any CPU
		{9AF0770C-7E9F-483F-8429-D7894F06EB6C}.Release|Mixed Platforms.Build.0 = Release|Any CPU
		{9AF0770C-7E9F-483F-8429-D7894F06EB6C}.Release|Win32.ActiveCfg = Release|Any CPU
		{9AF0770C-7E9F-483F-8429-D7894F06EB6C}.UNIT_TESTS_USAGE_TRACKING|Any CPU.ActiveCfg = Release|Any CPU
		{9AF0770C-7E9F-483F-8429-D7894F06EB6C}.UNIT_TESTS_USAGE_TRACKING|Any CPU.Build.0 = Release|Any CPU
		{9AF0770C-7E9F-483F-8429-D7894F06EB6C}.UNIT_TESTS_USAGE_TRACKING|Mixed Platforms.ActiveCfg = Release|Any CPU
		{9AF0770C-7E9F-483F-8429-D7894F06EB6C}.UNIT_TESTS_USAGE_TRACKING|Mixed Platforms.Build.0 = Release|Any CPU
		{9AF0770C-7E9F-483F-8429-D7894F06EB6C}.UNIT_TESTS_USAGE_TRACKING|Win32.ActiveCfg = Release|Any CPU
		{86CD94ED-BB4C-46C0-B54D-5F1EAE5A18D7}.Debug|Any CPU.ActiveCfg = Debug|Any CPU
		{86CD94ED-BB4C-46C0-B54D-5F1EAE5A18D7}.Debug|Any CPU.Build.0 = Debug|Any CPU
		{86CD94ED-BB4C-46C0-B54D-5F1EAE5A18D7}.Debug|Mixed Platforms.ActiveCfg = Debug|Any CPU
		{86CD94ED-BB4C-46C0-B54D-5F1EAE5A18D7}.Debug|Mixed Platforms.Build.0 = Debug|Any CPU
		{86CD94ED-BB4C-46C0-B54D-5F1EAE5A18D7}.Debug|Win32.ActiveCfg = Debug|Any CPU
		{86CD94ED-BB4C-46C0-B54D-5F1EAE5A18D7}.Release|Any CPU.ActiveCfg = Release|Any CPU
		{86CD94ED-BB4C-46C0-B54D-5F1EAE5A18D7}.Release|Any CPU.Build.0 = Release|Any CPU
		{86CD94ED-BB4C-46C0-B54D-5F1EAE5A18D7}.Release|Mixed Platforms.ActiveCfg = Release|Any CPU
		{86CD94ED-BB4C-46C0-B54D-5F1EAE5A18D7}.Release|Mixed Platforms.Build.0 = Release|Any CPU
		{86CD94ED-BB4C-46C0-B54D-5F1EAE5A18D7}.Release|Win32.ActiveCfg = Release|Any CPU
		{86CD94ED-BB4C-46C0-B54D-5F1EAE5A18D7}.UNIT_TESTS_USAGE_TRACKING|Any CPU.ActiveCfg = Release|Any CPU
		{86CD94ED-BB4C-46C0-B54D-5F1EAE5A18D7}.UNIT_TESTS_USAGE_TRACKING|Any CPU.Build.0 = Release|Any CPU
		{86CD94ED-BB4C-46C0-B54D-5F1EAE5A18D7}.UNIT_TESTS_USAGE_TRACKING|Mixed Platforms.ActiveCfg = Release|Any CPU
		{86CD94ED-BB4C-46C0-B54D-5F1EAE5A18D7}.UNIT_TESTS_USAGE_TRACKING|Mixed Platforms.Build.0 = Release|Any CPU
		{86CD94ED-BB4C-46C0-B54D-5F1EAE5A18D7}.UNIT_TESTS_USAGE_TRACKING|Win32.ActiveCfg = Release|Any CPU
		{22D28323-54BA-46DE-91F3-4EC9C7D26356}.Debug|Any CPU.ActiveCfg = Debug|Any CPU
		{22D28323-54BA-46DE-91F3-4EC9C7D26356}.Debug|Any CPU.Build.0 = Debug|Any CPU
		{22D28323-54BA-46DE-91F3-4EC9C7D26356}.Debug|Mixed Platforms.ActiveCfg = Debug|Any CPU
		{22D28323-54BA-46DE-91F3-4EC9C7D26356}.Debug|Mixed Platforms.Build.0 = Debug|Any CPU
		{22D28323-54BA-46DE-91F3-4EC9C7D26356}.Debug|Win32.ActiveCfg = Debug|Any CPU
		{22D28323-54BA-46DE-91F3-4EC9C7D26356}.Release|Any CPU.ActiveCfg = Release|Any CPU
		{22D28323-54BA-46DE-91F3-4EC9C7D26356}.Release|Any CPU.Build.0 = Release|Any CPU
		{22D28323-54BA-46DE-91F3-4EC9C7D26356}.Release|Mixed Platforms.ActiveCfg = Release|Any CPU
		{22D28323-54BA-46DE-91F3-4EC9C7D26356}.Release|Mixed Platforms.Build.0 = Release|Any CPU
		{22D28323-54BA-46DE-91F3-4EC9C7D26356}.Release|Win32.ActiveCfg = Release|Any CPU
		{22D28323-54BA-46DE-91F3-4EC9C7D26356}.UNIT_TESTS_USAGE_TRACKING|Any CPU.ActiveCfg = Release|Any CPU
		{22D28323-54BA-46DE-91F3-4EC9C7D26356}.UNIT_TESTS_USAGE_TRACKING|Any CPU.Build.0 = Release|Any CPU
		{22D28323-54BA-46DE-91F3-4EC9C7D26356}.UNIT_TESTS_USAGE_TRACKING|Mixed Platforms.ActiveCfg = Release|Any CPU
		{22D28323-54BA-46DE-91F3-4EC9C7D26356}.UNIT_TESTS_USAGE_TRACKING|Mixed Platforms.Build.0 = Release|Any CPU
		{22D28323-54BA-46DE-91F3-4EC9C7D26356}.UNIT_TESTS_USAGE_TRACKING|Win32.ActiveCfg = Release|Any CPU
		{E53B5474-B705-4373-B1DE-0CC7162734A2}.Debug|Any CPU.ActiveCfg = Debug|Any CPU
		{E53B5474-B705-4373-B1DE-0CC7162734A2}.Debug|Any CPU.Build.0 = Debug|Any CPU
		{E53B5474-B705-4373-B1DE-0CC7162734A2}.Debug|Mixed Platforms.ActiveCfg = Debug|Any CPU
		{E53B5474-B705-4373-B1DE-0CC7162734A2}.Debug|Mixed Platforms.Build.0 = Debug|Any CPU
		{E53B5474-B705-4373-B1DE-0CC7162734A2}.Debug|Win32.ActiveCfg = Debug|Any CPU
		{E53B5474-B705-4373-B1DE-0CC7162734A2}.Release|Any CPU.ActiveCfg = Release|Any CPU
		{E53B5474-B705-4373-B1DE-0CC7162734A2}.Release|Any CPU.Build.0 = Release|Any CPU
		{E53B5474-B705-4373-B1DE-0CC7162734A2}.Release|Mixed Platforms.ActiveCfg = Release|Any CPU
		{E53B5474-B705-4373-B1DE-0CC7162734A2}.Release|Mixed Platforms.Build.0 = Release|Any CPU
		{E53B5474-B705-4373-B1DE-0CC7162734A2}.Release|Win32.ActiveCfg = Release|Any CPU
		{E53B5474-B705-4373-B1DE-0CC7162734A2}.UNIT_TESTS_USAGE_TRACKING|Any CPU.ActiveCfg = Release|Any CPU
		{E53B5474-B705-4373-B1DE-0CC7162734A2}.UNIT_TESTS_USAGE_TRACKING|Any CPU.Build.0 = Release|Any CPU
		{E53B5474-B705-4373-B1DE-0CC7162734A2}.UNIT_TESTS_USAGE_TRACKING|Mixed Platforms.ActiveCfg = Release|Any CPU
		{E53B5474-B705-4373-B1DE-0CC7162734A2}.UNIT_TESTS_USAGE_TRACKING|Mixed Platforms.Build.0 = Release|Any CPU
		{E53B5474-B705-4373-B1DE-0CC7162734A2}.UNIT_TESTS_USAGE_TRACKING|Win32.ActiveCfg = Release|Any CPU
		{750A1C5B-2A1F-4ECF-9DBF-34AD775824B5}.Debug|Any CPU.ActiveCfg = Debug|Any CPU
		{750A1C5B-2A1F-4ECF-9DBF-34AD775824B5}.Debug|Any CPU.Build.0 = Debug|Any CPU
		{750A1C5B-2A1F-4ECF-9DBF-34AD775824B5}.Debug|Mixed Platforms.ActiveCfg = Debug|Any CPU
		{750A1C5B-2A1F-4ECF-9DBF-34AD775824B5}.Debug|Mixed Platforms.Build.0 = Debug|Any CPU
		{750A1C5B-2A1F-4ECF-9DBF-34AD775824B5}.Debug|Win32.ActiveCfg = Debug|Any CPU
		{750A1C5B-2A1F-4ECF-9DBF-34AD775824B5}.Release|Any CPU.ActiveCfg = Release|Any CPU
		{750A1C5B-2A1F-4ECF-9DBF-34AD775824B5}.Release|Any CPU.Build.0 = Release|Any CPU
		{750A1C5B-2A1F-4ECF-9DBF-34AD775824B5}.Release|Mixed Platforms.ActiveCfg = Release|Any CPU
		{750A1C5B-2A1F-4ECF-9DBF-34AD775824B5}.Release|Mixed Platforms.Build.0 = Release|Any CPU
		{750A1C5B-2A1F-4ECF-9DBF-34AD775824B5}.Release|Win32.ActiveCfg = Release|Any CPU
		{750A1C5B-2A1F-4ECF-9DBF-34AD775824B5}.UNIT_TESTS_USAGE_TRACKING|Any CPU.ActiveCfg = Release|Any CPU
		{750A1C5B-2A1F-4ECF-9DBF-34AD775824B5}.UNIT_TESTS_USAGE_TRACKING|Any CPU.Build.0 = Release|Any CPU
		{750A1C5B-2A1F-4ECF-9DBF-34AD775824B5}.UNIT_TESTS_USAGE_TRACKING|Mixed Platforms.ActiveCfg = Release|Any CPU
		{750A1C5B-2A1F-4ECF-9DBF-34AD775824B5}.UNIT_TESTS_USAGE_TRACKING|Mixed Platforms.Build.0 = Release|Any CPU
		{750A1C5B-2A1F-4ECF-9DBF-34AD775824B5}.UNIT_TESTS_USAGE_TRACKING|Win32.ActiveCfg = Release|Any CPU
		{EEB72380-0C31-4EBA-81B6-4B467431FFF2}.Debug|Any CPU.ActiveCfg = Debug|Any CPU
		{EEB72380-0C31-4EBA-81B6-4B467431FFF2}.Debug|Any CPU.Build.0 = Debug|Any CPU
		{EEB72380-0C31-4EBA-81B6-4B467431FFF2}.Debug|Mixed Platforms.ActiveCfg = Debug|Any CPU
		{EEB72380-0C31-4EBA-81B6-4B467431FFF2}.Debug|Mixed Platforms.Build.0 = Debug|Any CPU
		{EEB72380-0C31-4EBA-81B6-4B467431FFF2}.Debug|Win32.ActiveCfg = Debug|Any CPU
		{EEB72380-0C31-4EBA-81B6-4B467431FFF2}.Release|Any CPU.ActiveCfg = Release|Any CPU
		{EEB72380-0C31-4EBA-81B6-4B467431FFF2}.Release|Any CPU.Build.0 = Release|Any CPU
		{EEB72380-0C31-4EBA-81B6-4B467431FFF2}.Release|Mixed Platforms.ActiveCfg = Release|Any CPU
		{EEB72380-0C31-4EBA-81B6-4B467431FFF2}.Release|Mixed Platforms.Build.0 = Release|Any CPU
		{EEB72380-0C31-4EBA-81B6-4B467431FFF2}.Release|Win32.ActiveCfg = Release|Any CPU
		{EEB72380-0C31-4EBA-81B6-4B467431FFF2}.UNIT_TESTS_USAGE_TRACKING|Any CPU.ActiveCfg = Release|Any CPU
		{EEB72380-0C31-4EBA-81B6-4B467431FFF2}.UNIT_TESTS_USAGE_TRACKING|Any CPU.Build.0 = Release|Any CPU
		{EEB72380-0C31-4EBA-81B6-4B467431FFF2}.UNIT_TESTS_USAGE_TRACKING|Mixed Platforms.ActiveCfg = Release|Any CPU
		{EEB72380-0C31-4EBA-81B6-4B467431FFF2}.UNIT_TESTS_USAGE_TRACKING|Mixed Platforms.Build.0 = Release|Any CPU
		{EEB72380-0C31-4EBA-81B6-4B467431FFF2}.UNIT_TESTS_USAGE_TRACKING|Win32.ActiveCfg = Release|Any CPU
		{8EAC6A5A-ADC1-49E4-B1A3-9A87812EE661}.Debug|Any CPU.ActiveCfg = Debug|Any CPU
		{8EAC6A5A-ADC1-49E4-B1A3-9A87812EE661}.Debug|Any CPU.Build.0 = Debug|Any CPU
		{8EAC6A5A-ADC1-49E4-B1A3-9A87812EE661}.Debug|Mixed Platforms.ActiveCfg = Debug|Any CPU
		{8EAC6A5A-ADC1-49E4-B1A3-9A87812EE661}.Debug|Mixed Platforms.Build.0 = Debug|Any CPU
		{8EAC6A5A-ADC1-49E4-B1A3-9A87812EE661}.Debug|Win32.ActiveCfg = Debug|Any CPU
		{8EAC6A5A-ADC1-49E4-B1A3-9A87812EE661}.Release|Any CPU.ActiveCfg = Release|Any CPU
		{8EAC6A5A-ADC1-49E4-B1A3-9A87812EE661}.Release|Any CPU.Build.0 = Release|Any CPU
		{8EAC6A5A-ADC1-49E4-B1A3-9A87812EE661}.Release|Mixed Platforms.ActiveCfg = Release|Any CPU
		{8EAC6A5A-ADC1-49E4-B1A3-9A87812EE661}.Release|Mixed Platforms.Build.0 = Release|Any CPU
		{8EAC6A5A-ADC1-49E4-B1A3-9A87812EE661}.Release|Win32.ActiveCfg = Release|Any CPU
		{8EAC6A5A-ADC1-49E4-B1A3-9A87812EE661}.UNIT_TESTS_USAGE_TRACKING|Any CPU.ActiveCfg = Release|Any CPU
		{8EAC6A5A-ADC1-49E4-B1A3-9A87812EE661}.UNIT_TESTS_USAGE_TRACKING|Any CPU.Build.0 = Release|Any CPU
		{8EAC6A5A-ADC1-49E4-B1A3-9A87812EE661}.UNIT_TESTS_USAGE_TRACKING|Mixed Platforms.ActiveCfg = Release|Any CPU
		{8EAC6A5A-ADC1-49E4-B1A3-9A87812EE661}.UNIT_TESTS_USAGE_TRACKING|Mixed Platforms.Build.0 = Release|Any CPU
		{8EAC6A5A-ADC1-49E4-B1A3-9A87812EE661}.UNIT_TESTS_USAGE_TRACKING|Win32.ActiveCfg = Release|Any CPU
	EndGlobalSection
	GlobalSection(SolutionProperties) = preSolution
		HideSolutionNode = FALSE
	EndGlobalSection
	GlobalSection(NestedProjects) = preSolution
		{8347B928-805E-42E7-B980-08D8AF1A0671} = {4414BB29-0923-4507-AE57-5A3B622F34C8}
		{AD9ECE2B-8268-4115-8DC8-860FBD011FFF} = {4414BB29-0923-4507-AE57-5A3B622F34C8}
		{B5EBFFD7-6641-4932-91C9-4C4322B41868} = {4414BB29-0923-4507-AE57-5A3B622F34C8}
		{431E9444-9915-4D49-B92D-9B7EC086622A} = {4414BB29-0923-4507-AE57-5A3B622F34C8}
		{F6EAD428-E6CF-4DF6-B2F3-D33D532C5343} = {4414BB29-0923-4507-AE57-5A3B622F34C8}
		{E2F1A5D4-73A4-4BA6-AA5A-87BBDEC727F8} = {4414BB29-0923-4507-AE57-5A3B622F34C8}
		{85100D3E-471C-47C9-9687-ABF25F617ED7} = {4414BB29-0923-4507-AE57-5A3B622F34C8}
		{FEFD73C5-8541-47D2-BBDB-FF61DEA28291} = {4414BB29-0923-4507-AE57-5A3B622F34C8}
		{26E9A01A-64B5-42C5-8252-FBB30DF9CEC7} = {4414BB29-0923-4507-AE57-5A3B622F34C8}
		{AB89527E-B1B6-49A4-B3A0-D07948FC23E0} = {8B690F92-8EA7-40D3-A250-BD4EEC7AF3DE}
		{DDFB1D25-75AE-43A6-A7A5-33D173EFFD04} = {1721DC32-D6E9-443A-BCA0-DAC228CD423A}
		{523EDDC1-7C6E-404D-A8ED-5F043F5E6BE3} = {1721DC32-D6E9-443A-BCA0-DAC228CD423A}
		{5B86516B-203F-4AEB-82BA-CD54144581FA} = {1721DC32-D6E9-443A-BCA0-DAC228CD423A}
		{4E4B60EC-FFB9-49A9-A40F-385FC68D798F} = {1721DC32-D6E9-443A-BCA0-DAC228CD423A}
		{2BAF49AA-F872-4CC5-A3B0-4B7555DC3244} = {1721DC32-D6E9-443A-BCA0-DAC228CD423A}
		{64DD80D0-2B72-46C0-8F6E-382CA1EAFF9D} = {1721DC32-D6E9-443A-BCA0-DAC228CD423A}
		{2FA5AAD9-E291-47C6-AE35-5B885F2704BF} = {1721DC32-D6E9-443A-BCA0-DAC228CD423A}
		{5D69BA72-CD43-4A52-A599-A33D85F53431} = {1721DC32-D6E9-443A-BCA0-DAC228CD423A}
		{6EABFD8A-B727-4B9C-800D-ADCBDE339639} = {256E2421-AF1B-46E9-8707-4B549E12AE1D}
		{316C730A-492A-4201-87CD-3C2F3260571C} = {256E2421-AF1B-46E9-8707-4B549E12AE1D}
		{DF8F531F-5AE4-4AC1-A086-B50FB799EEF1} = {256E2421-AF1B-46E9-8707-4B549E12AE1D}
		{65B9B08C-EAE4-4EE2-B164-905B03134443} = {256E2421-AF1B-46E9-8707-4B549E12AE1D}
		{ACB80CF0-35D3-491B-A561-CF66BF7FA2BA} = {256E2421-AF1B-46E9-8707-4B549E12AE1D}
		{90C91F02-8AD3-43D1-B8C3-C0469213E3E5} = {256E2421-AF1B-46E9-8707-4B549E12AE1D}
		{BE27922C-C8D7-4190-8F24-5D7C1623CAFA} = {256E2421-AF1B-46E9-8707-4B549E12AE1D}
		{6863F5CE-F1D3-46A7-915C-DE02D1452EED} = {256E2421-AF1B-46E9-8707-4B549E12AE1D}
		{7462F6BA-5634-4ED5-A4E1-707F3F43D113} = {B2A83580-EA71-4F56-857A-0A0316B7E9E9}
		{805F162D-D55D-4018-B9AA-F5D087F31EF3} = {B2A83580-EA71-4F56-857A-0A0316B7E9E9}
		{0B678FD2-8B54-4931-B357-0A427F8C455F} = {B2A83580-EA71-4F56-857A-0A0316B7E9E9}
		{DF42BE8F-7488-4805-B440-B5FD748CE91A} = {B2A83580-EA71-4F56-857A-0A0316B7E9E9}
		{FA01A7CF-D56B-4D00-961E-D98AC2186AC9} = {B2A83580-EA71-4F56-857A-0A0316B7E9E9}
		{9A4EF57B-2702-4931-9E94-B194707E87FA} = {B0424AED-D40F-4104-A20A-6928E212FF7B}
		{2719FA07-F89A-4FE1-A497-5FA4CDD08956} = {B0424AED-D40F-4104-A20A-6928E212FF7B}
		{22444EF5-740E-41C2-B6DD-0029BD616338} = {B0424AED-D40F-4104-A20A-6928E212FF7B}
		{86CA6EDB-DE59-45E9-8BD8-832FBB3F8009} = {CB724C61-BC5B-4D90-B286-7A15043214EC}
		{2C9126D3-5B73-4539-BBC9-D56E6097D335} = {CB724C61-BC5B-4D90-B286-7A15043214EC}
		{D8B59C0F-A097-4D7D-A488-0188100AF8E2} = {CB724C61-BC5B-4D90-B286-7A15043214EC}
		{83BA7538-8DC6-4190-993A-7A4A27D43DBB} = {CB724C61-BC5B-4D90-B286-7A15043214EC}
		{9E0CCF98-03DA-46EE-8E6B-3092F80EE9AF} = {CB724C61-BC5B-4D90-B286-7A15043214EC}
		{A7C78084-947E-4955-9473-9F186B760AEC} = {F19BD5B6-A150-4899-B2C2-FA4E86BB5744}
		{89DF567B-A0D1-456A-A28F-043FD57D7F9A} = {F19BD5B6-A150-4899-B2C2-FA4E86BB5744}
		{EA38C1F1-C4BD-4ED7-9B60-C95DF22D6A72} = {F19BD5B6-A150-4899-B2C2-FA4E86BB5744}
		{4454D96D-8E43-44CB-987B-FCAFCD98BCC0} = {F19BD5B6-A150-4899-B2C2-FA4E86BB5744}
		{7F89848A-B05C-4FF5-93D4-9B59A1A36F5E} = {F19BD5B6-A150-4899-B2C2-FA4E86BB5744}
		{76E7A94E-5DCB-4B12-8D9E-7BD5084CE073} = {F19BD5B6-A150-4899-B2C2-FA4E86BB5744}
		{9AF0770C-7E9F-483F-8429-D7894F06EB6C} = {F19BD5B6-A150-4899-B2C2-FA4E86BB5744}
		{86CD94ED-BB4C-46C0-B54D-5F1EAE5A18D7} = {F19BD5B6-A150-4899-B2C2-FA4E86BB5744}
		{22D28323-54BA-46DE-91F3-4EC9C7D26356} = {F19BD5B6-A150-4899-B2C2-FA4E86BB5744}
		{E53B5474-B705-4373-B1DE-0CC7162734A2} = {F19BD5B6-A150-4899-B2C2-FA4E86BB5744}
		{750A1C5B-2A1F-4ECF-9DBF-34AD775824B5} = {F19BD5B6-A150-4899-B2C2-FA4E86BB5744}
		{EEB72380-0C31-4EBA-81B6-4B467431FFF2} = {F19BD5B6-A150-4899-B2C2-FA4E86BB5744}
		{8EAC6A5A-ADC1-49E4-B1A3-9A87812EE661} = {F19BD5B6-A150-4899-B2C2-FA4E86BB5744}
	EndGlobalSection
	GlobalSection(ExtensibilityGlobals) = postSolution
		VisualSVNWorkingCopyRoot = ..
	EndGlobalSection
EndGlobal
